// !$*UTF8*$!
{
	archiveVersion = 1;
	classes = {
	};
	objectVersion = 48;
	objects = {

/* Begin PBXBuildFile section */
		6915A5BB1FD19CFC00BDC94E /* AppDelegate.swift in Sources */ = {isa = PBXBuildFile; fileRef = 6915A5BA1FD19CFC00BDC94E /* AppDelegate.swift */; };
		6915A5BD1FD19CFC00BDC94E /* ViewController.swift in Sources */ = {isa = PBXBuildFile; fileRef = 6915A5BC1FD19CFC00BDC94E /* ViewController.swift */; };
		6915A5C01FD19CFC00BDC94E /* Main.storyboard in Resources */ = {isa = PBXBuildFile; fileRef = 6915A5BE1FD19CFC00BDC94E /* Main.storyboard */; };
		6915A5C21FD19CFC00BDC94E /* Assets.xcassets in Resources */ = {isa = PBXBuildFile; fileRef = 6915A5C11FD19CFC00BDC94E /* Assets.xcassets */; };
		6915A5C51FD19CFC00BDC94E /* LaunchScreen.storyboard in Resources */ = {isa = PBXBuildFile; fileRef = 6915A5C31FD19CFC00BDC94E /* LaunchScreen.storyboard */; };
		6915A5D01FD19CFC00BDC94E /* _201_load_class_list_at_runtimeTests.swift in Sources */ = {isa = PBXBuildFile; fileRef = 6915A5CF1FD19CFC00BDC94E /* _201_load_class_list_at_runtimeTests.swift */; };
		6915A5DB1FD19CFC00BDC94E /* _201_load_class_list_at_runtimeUITests.swift in Sources */ = {isa = PBXBuildFile; fileRef = 6915A5DA1FD19CFC00BDC94E /* _201_load_class_list_at_runtimeUITests.swift */; };
		6915A5E91FD19D1500BDC94E /* Person.swift in Sources */ = {isa = PBXBuildFile; fileRef = 6915A5E81FD19D1500BDC94E /* Person.swift */; };
/* End PBXBuildFile section */

/* Begin PBXContainerItemProxy section */
		6915A5CC1FD19CFC00BDC94E /* PBXContainerItemProxy */ = {
			isa = PBXContainerItemProxy;
			containerPortal = 6915A5AF1FD19CFC00BDC94E /* Project object */;
			proxyType = 1;
			remoteGlobalIDString = 6915A5B61FD19CFC00BDC94E;
			remoteInfo = "1201-load class list at runtime";
		};
		6915A5D71FD19CFC00BDC94E /* PBXContainerItemProxy */ = {
			isa = PBXContainerItemProxy;
			containerPortal = 6915A5AF1FD19CFC00BDC94E /* Project object */;
			proxyType = 1;
			remoteGlobalIDString = 6915A5B61FD19CFC00BDC94E;
			remoteInfo = "1201-load class list at runtime";
		};
/* End PBXContainerItemProxy section */

/* Begin PBXFileReference section */
		6915A5B71FD19CFC00BDC94E /* 1201-load class list at runtime.app */ = {isa = PBXFileReference; explicitFileType = wrapper.application; includeInIndex = 0; path = "1201-load class list at runtime.app"; sourceTree = BUILT_PRODUCTS_DIR; };
		6915A5BA1FD19CFC00BDC94E /* AppDelegate.swift */ = {isa = PBXFileReference; lastKnownFileType = sourcecode.swift; path = AppDelegate.swift; sourceTree = "<group>"; };
		6915A5BC1FD19CFC00BDC94E /* ViewController.swift */ = {isa = PBXFileReference; lastKnownFileType = sourcecode.swift; path = ViewController.swift; sourceTree = "<group>"; };
		6915A5BF1FD19CFC00BDC94E /* Base */ = {isa = PBXFileReference; lastKnownFileType = file.storyboard; name = Base; path = Base.lproj/Main.storyboard; sourceTree = "<group>"; };
		6915A5C11FD19CFC00BDC94E /* Assets.xcassets */ = {isa = PBXFileReference; lastKnownFileType = folder.assetcatalog; path = Assets.xcassets; sourceTree = "<group>"; };
		6915A5C41FD19CFC00BDC94E /* Base */ = {isa = PBXFileReference; lastKnownFileType = file.storyboard; name = Base; path = Base.lproj/LaunchScreen.storyboard; sourceTree = "<group>"; };
		6915A5C61FD19CFC00BDC94E /* Info.plist */ = {isa = PBXFileReference; lastKnownFileType = text.plist.xml; path = Info.plist; sourceTree = "<group>"; };
		6915A5CB1FD19CFC00BDC94E /* 1201-load class list at runtimeTests.xctest */ = {isa = PBXFileReference; explicitFileType = wrapper.cfbundle; includeInIndex = 0; path = "1201-load class list at runtimeTests.xctest"; sourceTree = BUILT_PRODUCTS_DIR; };
		6915A5CF1FD19CFC00BDC94E /* _201_load_class_list_at_runtimeTests.swift */ = {isa = PBXFileReference; lastKnownFileType = sourcecode.swift; path = _201_load_class_list_at_runtimeTests.swift; sourceTree = "<group>"; };
		6915A5D11FD19CFC00BDC94E /* Info.plist */ = {isa = PBXFileReference; lastKnownFileType = text.plist.xml; path = Info.plist; sourceTree = "<group>"; };
		6915A5D61FD19CFC00BDC94E /* 1201-load class list at runtimeUITests.xctest */ = {isa = PBXFileReference; explicitFileType = wrapper.cfbundle; includeInIndex = 0; path = "1201-load class list at runtimeUITests.xctest"; sourceTree = BUILT_PRODUCTS_DIR; };
		6915A5DA1FD19CFC00BDC94E /* _201_load_class_list_at_runtimeUITests.swift */ = {isa = PBXFileReference; lastKnownFileType = sourcecode.swift; path = _201_load_class_list_at_runtimeUITests.swift; sourceTree = "<group>"; };
		6915A5DC1FD19CFC00BDC94E /* Info.plist */ = {isa = PBXFileReference; lastKnownFileType = text.plist.xml; path = Info.plist; sourceTree = "<group>"; };
		6915A5E81FD19D1500BDC94E /* Person.swift */ = {isa = PBXFileReference; lastKnownFileType = sourcecode.swift; path = Person.swift; sourceTree = "<group>"; };
/* End PBXFileReference section */

/* Begin PBXFrameworksBuildPhase section */
		6915A5B41FD19CFC00BDC94E /* Frameworks */ = {
			isa = PBXFrameworksBuildPhase;
			buildActionMask = 2147483647;
			files = (
			);
			runOnlyForDeploymentPostprocessing = 0;
		};
		6915A5C81FD19CFC00BDC94E /* Frameworks */ = {
			isa = PBXFrameworksBuildPhase;
			buildActionMask = 2147483647;
			files = (
			);
			runOnlyForDeploymentPostprocessing = 0;
		};
		6915A5D31FD19CFC00BDC94E /* Frameworks */ = {
			isa = PBXFrameworksBuildPhase;
			buildActionMask = 2147483647;
			files = (
			);
			runOnlyForDeploymentPostprocessing = 0;
		};
/* End PBXFrameworksBuildPhase section */

/* Begin PBXGroup section */
		6915A5AE1FD19CFC00BDC94E = {
			isa = PBXGroup;
			children = (
				6915A5B91FD19CFC00BDC94E /* 1201-load class list at runtime */,
				6915A5CE1FD19CFC00BDC94E /* 1201-load class list at runtimeTests */,
				6915A5D91FD19CFC00BDC94E /* 1201-load class list at runtimeUITests */,
				6915A5B81FD19CFC00BDC94E /* Products */,
			);
			sourceTree = "<group>";
		};
		6915A5B81FD19CFC00BDC94E /* Products */ = {
			isa = PBXGroup;
			children = (
				6915A5B71FD19CFC00BDC94E /* 1201-load class list at runtime.app */,
				6915A5CB1FD19CFC00BDC94E /* 1201-load class list at runtimeTests.xctest */,
				6915A5D61FD19CFC00BDC94E /* 1201-load class list at runtimeUITests.xctest */,
			);
			name = Products;
			sourceTree = "<group>";
		};
		6915A5B91FD19CFC00BDC94E /* 1201-load class list at runtime */ = {
			isa = PBXGroup;
			children = (
				6915A5BA1FD19CFC00BDC94E /* AppDelegate.swift */,
				6915A5BC1FD19CFC00BDC94E /* ViewController.swift */,
				6915A5E81FD19D1500BDC94E /* Person.swift */,
				6915A5BE1FD19CFC00BDC94E /* Main.storyboard */,
				6915A5C11FD19CFC00BDC94E /* Assets.xcassets */,
				6915A5C31FD19CFC00BDC94E /* LaunchScreen.storyboard */,
				6915A5C61FD19CFC00BDC94E /* Info.plist */,
			);
			path = "1201-load class list at runtime";
			sourceTree = "<group>";
		};
		6915A5CE1FD19CFC00BDC94E /* 1201-load class list at runtimeTests */ = {
			isa = PBXGroup;
			children = (
				6915A5CF1FD19CFC00BDC94E /* _201_load_class_list_at_runtimeTests.swift */,
				6915A5D11FD19CFC00BDC94E /* Info.plist */,
			);
			path = "1201-load class list at runtimeTests";
			sourceTree = "<group>";
		};
		6915A5D91FD19CFC00BDC94E /* 1201-load class list at runtimeUITests */ = {
			isa = PBXGroup;
			children = (
				6915A5DA1FD19CFC00BDC94E /* _201_load_class_list_at_runtimeUITests.swift */,
				6915A5DC1FD19CFC00BDC94E /* Info.plist */,
			);
			path = "1201-load class list at runtimeUITests";
			sourceTree = "<group>";
		};
/* End PBXGroup section */

/* Begin PBXNativeTarget section */
		6915A5B61FD19CFC00BDC94E /* 1201-load class list at runtime */ = {
			isa = PBXNativeTarget;
			buildConfigurationList = 6915A5DF1FD19CFC00BDC94E /* Build configuration list for PBXNativeTarget "1201-load class list at runtime" */;
			buildPhases = (
				6915A5B31FD19CFC00BDC94E /* Sources */,
				6915A5B41FD19CFC00BDC94E /* Frameworks */,
				6915A5B51FD19CFC00BDC94E /* Resources */,
			);
			buildRules = (
			);
			dependencies = (
			);
			name = "1201-load class list at runtime";
			productName = "1201-load class list at runtime";
			productReference = 6915A5B71FD19CFC00BDC94E /* 1201-load class list at runtime.app */;
			productType = "com.apple.product-type.application";
		};
		6915A5CA1FD19CFC00BDC94E /* 1201-load class list at runtimeTests */ = {
			isa = PBXNativeTarget;
			buildConfigurationList = 6915A5E21FD19CFC00BDC94E /* Build configuration list for PBXNativeTarget "1201-load class list at runtimeTests" */;
			buildPhases = (
				6915A5C71FD19CFC00BDC94E /* Sources */,
				6915A5C81FD19CFC00BDC94E /* Frameworks */,
				6915A5C91FD19CFC00BDC94E /* Resources */,
			);
			buildRules = (
			);
			dependencies = (
				6915A5CD1FD19CFC00BDC94E /* PBXTargetDependency */,
			);
			name = "1201-load class list at runtimeTests";
			productName = "1201-load class list at runtimeTests";
			productReference = 6915A5CB1FD19CFC00BDC94E /* 1201-load class list at runtimeTests.xctest */;
			productType = "com.apple.product-type.bundle.unit-test";
		};
		6915A5D51FD19CFC00BDC94E /* 1201-load class list at runtimeUITests */ = {
			isa = PBXNativeTarget;
			buildConfigurationList = 6915A5E51FD19CFC00BDC94E /* Build configuration list for PBXNativeTarget "1201-load class list at runtimeUITests" */;
			buildPhases = (
				6915A5D21FD19CFC00BDC94E /* Sources */,
				6915A5D31FD19CFC00BDC94E /* Frameworks */,
				6915A5D41FD19CFC00BDC94E /* Resources */,
			);
			buildRules = (
			);
			dependencies = (
				6915A5D81FD19CFC00BDC94E /* PBXTargetDependency */,
			);
			name = "1201-load class list at runtimeUITests";
			productName = "1201-load class list at runtimeUITests";
			productReference = 6915A5D61FD19CFC00BDC94E /* 1201-load class list at runtimeUITests.xctest */;
			productType = "com.apple.product-type.bundle.ui-testing";
		};
/* End PBXNativeTarget section */

/* Begin PBXProject section */
		6915A5AF1FD19CFC00BDC94E /* Project object */ = {
			isa = PBXProject;
			attributes = {
				LastSwiftUpdateCheck = 0910;
				LastUpgradeCheck = 0910;
				ORGANIZATIONNAME = toxicanty;
				TargetAttributes = {
					6915A5B61FD19CFC00BDC94E = {
						CreatedOnToolsVersion = 9.1;
						ProvisioningStyle = Automatic;
					};
					6915A5CA1FD19CFC00BDC94E = {
						CreatedOnToolsVersion = 9.1;
						ProvisioningStyle = Automatic;
						TestTargetID = 6915A5B61FD19CFC00BDC94E;
					};
					6915A5D51FD19CFC00BDC94E = {
						CreatedOnToolsVersion = 9.1;
						ProvisioningStyle = Automatic;
						TestTargetID = 6915A5B61FD19CFC00BDC94E;
					};
				};
			};
			buildConfigurationList = 6915A5B21FD19CFC00BDC94E /* Build configuration list for PBXProject "1201-load class list at runtime" */;
			compatibilityVersion = "Xcode 8.0";
			developmentRegion = en;
			hasScannedForEncodings = 0;
			knownRegions = (
				en,
				Base,
			);
			mainGroup = 6915A5AE1FD19CFC00BDC94E;
			productRefGroup = 6915A5B81FD19CFC00BDC94E /* Products */;
			projectDirPath = "";
			projectRoot = "";
			targets = (
				6915A5B61FD19CFC00BDC94E /* 1201-load class list at runtime */,
				6915A5CA1FD19CFC00BDC94E /* 1201-load class list at runtimeTests */,
				6915A5D51FD19CFC00BDC94E /* 1201-load class list at runtimeUITests */,
			);
		};
/* End PBXProject section */

/* Begin PBXResourcesBuildPhase section */
		6915A5B51FD19CFC00BDC94E /* Resources */ = {
			isa = PBXResourcesBuildPhase;
			buildActionMask = 2147483647;
			files = (
				6915A5C51FD19CFC00BDC94E /* LaunchScreen.storyboard in Resources */,
				6915A5C21FD19CFC00BDC94E /* Assets.xcassets in Resources */,
				6915A5C01FD19CFC00BDC94E /* Main.storyboard in Resources */,
			);
			runOnlyForDeploymentPostprocessing = 0;
		};
		6915A5C91FD19CFC00BDC94E /* Resources */ = {
			isa = PBXResourcesBuildPhase;
			buildActionMask = 2147483647;
			files = (
			);
			runOnlyForDeploymentPostprocessing = 0;
		};
		6915A5D41FD19CFC00BDC94E /* Resources */ = {
			isa = PBXResourcesBuildPhase;
			buildActionMask = 2147483647;
			files = (
			);
			runOnlyForDeploymentPostprocessing = 0;
		};
/* End PBXResourcesBuildPhase section */

/* Begin PBXSourcesBuildPhase section */
		6915A5B31FD19CFC00BDC94E /* Sources */ = {
			isa = PBXSourcesBuildPhase;
			buildActionMask = 2147483647;
			files = (
				6915A5E91FD19D1500BDC94E /* Person.swift in Sources */,
				6915A5BD1FD19CFC00BDC94E /* ViewController.swift in Sources */,
				6915A5BB1FD19CFC00BDC94E /* AppDelegate.swift in Sources */,
			);
			runOnlyForDeploymentPostprocessing = 0;
		};
		6915A5C71FD19CFC00BDC94E /* Sources */ = {
			isa = PBXSourcesBuildPhase;
			buildActionMask = 2147483647;
			files = (
				6915A5D01FD19CFC00BDC94E /* _201_load_class_list_at_runtimeTests.swift in Sources */,
			);
			runOnlyForDeploymentPostprocessing = 0;
		};
		6915A5D21FD19CFC00BDC94E /* Sources */ = {
			isa = PBXSourcesBuildPhase;
			buildActionMask = 2147483647;
			files = (
				6915A5DB1FD19CFC00BDC94E /* _201_load_class_list_at_runtimeUITests.swift in Sources */,
			);
			runOnlyForDeploymentPostprocessing = 0;
		};
/* End PBXSourcesBuildPhase section */

/* Begin PBXTargetDependency section */
		6915A5CD1FD19CFC00BDC94E /* PBXTargetDependency */ = {
			isa = PBXTargetDependency;
			target = 6915A5B61FD19CFC00BDC94E /* 1201-load class list at runtime */;
			targetProxy = 6915A5CC1FD19CFC00BDC94E /* PBXContainerItemProxy */;
		};
		6915A5D81FD19CFC00BDC94E /* PBXTargetDependency */ = {
			isa = PBXTargetDependency;
			target = 6915A5B61FD19CFC00BDC94E /* 1201-load class list at runtime */;
			targetProxy = 6915A5D71FD19CFC00BDC94E /* PBXContainerItemProxy */;
		};
/* End PBXTargetDependency section */

/* Begin PBXVariantGroup section */
		6915A5BE1FD19CFC00BDC94E /* Main.storyboard */ = {
			isa = PBXVariantGroup;
			children = (
				6915A5BF1FD19CFC00BDC94E /* Base */,
			);
			name = Main.storyboard;
			sourceTree = "<group>";
		};
		6915A5C31FD19CFC00BDC94E /* LaunchScreen.storyboard */ = {
			isa = PBXVariantGroup;
			children = (
				6915A5C41FD19CFC00BDC94E /* Base */,
			);
			name = LaunchScreen.storyboard;
			sourceTree = "<group>";
		};
/* End PBXVariantGroup section */

/* Begin XCBuildConfiguration section */
		6915A5DD1FD19CFC00BDC94E /* Debug */ = {
			isa = XCBuildConfiguration;
			buildSettings = {
				ALWAYS_SEARCH_USER_PATHS = NO;
				CLANG_ANALYZER_NONNULL = YES;
				CLANG_ANALYZER_NUMBER_OBJECT_CONVERSION = YES_AGGRESSIVE;
				CLANG_CXX_LANGUAGE_STANDARD = "gnu++14";
				CLANG_CXX_LIBRARY = "libc++";
				CLANG_ENABLE_MODULES = YES;
				CLANG_ENABLE_OBJC_ARC = YES;
				CLANG_WARN_BLOCK_CAPTURE_AUTORELEASING = YES;
				CLANG_WARN_BOOL_CONVERSION = YES;
				CLANG_WARN_COMMA = YES;
				CLANG_WARN_CONSTANT_CONVERSION = YES;
				CLANG_WARN_DIRECT_OBJC_ISA_USAGE = YES_ERROR;
				CLANG_WARN_DOCUMENTATION_COMMENTS = YES;
				CLANG_WARN_EMPTY_BODY = YES;
				CLANG_WARN_ENUM_CONVERSION = YES;
				CLANG_WARN_INFINITE_RECURSION = YES;
				CLANG_WARN_INT_CONVERSION = YES;
				CLANG_WARN_NON_LITERAL_NULL_CONVERSION = YES;
				CLANG_WARN_OBJC_LITERAL_CONVERSION = YES;
				CLANG_WARN_OBJC_ROOT_CLASS = YES_ERROR;
				CLANG_WARN_RANGE_LOOP_ANALYSIS = YES;
				CLANG_WARN_STRICT_PROTOTYPES = YES;
				CLANG_WARN_SUSPICIOUS_MOVE = YES;
				CLANG_WARN_UNGUARDED_AVAILABILITY = YES_AGGRESSIVE;
				CLANG_WARN_UNREACHABLE_CODE = YES;
				CLANG_WARN__DUPLICATE_METHOD_MATCH = YES;
				CODE_SIGN_IDENTITY = "iPhone Developer";
				COPY_PHASE_STRIP = NO;
				DEBUG_INFORMATION_FORMAT = dwarf;
				ENABLE_STRICT_OBJC_MSGSEND = YES;
				ENABLE_TESTABILITY = YES;
				GCC_C_LANGUAGE_STANDARD = gnu11;
				GCC_DYNAMIC_NO_PIC = NO;
				GCC_NO_COMMON_BLOCKS = YES;
				GCC_OPTIMIZATION_LEVEL = 0;
				GCC_PREPROCESSOR_DEFINITIONS = (
					"DEBUG=1",
					"$(inherited)",
				);
				GCC_WARN_64_TO_32_BIT_CONVERSION = YES;
				GCC_WARN_ABOUT_RETURN_TYPE = YES_ERROR;
				GCC_WARN_UNDECLARED_SELECTOR = YES;
				GCC_WARN_UNINITIALIZED_AUTOS = YES_AGGRESSIVE;
				GCC_WARN_UNUSED_FUNCTION = YES;
				GCC_WARN_UNUSED_VARIABLE = YES;
				IPHONEOS_DEPLOYMENT_TARGET = 11.1;
				MTL_ENABLE_DEBUG_INFO = YES;
				ONLY_ACTIVE_ARCH = YES;
				SDKROOT = iphoneos;
				SWIFT_ACTIVE_COMPILATION_CONDITIONS = DEBUG;
				SWIFT_OPTIMIZATION_LEVEL = "-Onone";
			};
			name = Debug;
		};
		6915A5DE1FD19CFC00BDC94E /* Release */ = {
			isa = XCBuildConfiguration;
			buildSettings = {
				ALWAYS_SEARCH_USER_PATHS = NO;
				CLANG_ANALYZER_NONNULL = YES;
				CLANG_ANALYZER_NUMBER_OBJECT_CONVERSION = YES_AGGRESSIVE;
				CLANG_CXX_LANGUAGE_STANDARD = "gnu++14";
				CLANG_CXX_LIBRARY = "libc++";
				CLANG_ENABLE_MODULES = YES;
				CLANG_ENABLE_OBJC_ARC = YES;
				CLANG_WARN_BLOCK_CAPTURE_AUTORELEASING = YES;
				CLANG_WARN_BOOL_CONVERSION = YES;
				CLANG_WARN_COMMA = YES;
				CLANG_WARN_CONSTANT_CONVERSION = YES;
				CLANG_WARN_DIRECT_OBJC_ISA_USAGE = YES_ERROR;
				CLANG_WARN_DOCUMENTATION_COMMENTS = YES;
				CLANG_WARN_EMPTY_BODY = YES;
				CLANG_WARN_ENUM_CONVERSION = YES;
				CLANG_WARN_INFINITE_RECURSION = YES;
				CLANG_WARN_INT_CONVERSION = YES;
				CLANG_WARN_NON_LITERAL_NULL_CONVERSION = YES;
				CLANG_WARN_OBJC_LITERAL_CONVERSION = YES;
				CLANG_WARN_OBJC_ROOT_CLASS = YES_ERROR;
				CLANG_WARN_RANGE_LOOP_ANALYSIS = YES;
				CLANG_WARN_STRICT_PROTOTYPES = YES;
				CLANG_WARN_SUSPICIOUS_MOVE = YES;
				CLANG_WARN_UNGUARDED_AVAILABILITY = YES_AGGRESSIVE;
				CLANG_WARN_UNREACHABLE_CODE = YES;
				CLANG_WARN__DUPLICATE_METHOD_MATCH = YES;
				CODE_SIGN_IDENTITY = "iPhone Developer";
				COPY_PHASE_STRIP = NO;
				DEBUG_INFORMATION_FORMAT = "dwarf-with-dsym";
				ENABLE_NS_ASSERTIONS = NO;
				ENABLE_STRICT_OBJC_MSGSEND = YES;
				GCC_C_LANGUAGE_STANDARD = gnu11;
				GCC_NO_COMMON_BLOCKS = YES;
				GCC_WARN_64_TO_32_BIT_CONVERSION = YES;
				GCC_WARN_ABOUT_RETURN_TYPE = YES_ERROR;
				GCC_WARN_UNDECLARED_SELECTOR = YES;
				GCC_WARN_UNINITIALIZED_AUTOS = YES_AGGRESSIVE;
				GCC_WARN_UNUSED_FUNCTION = YES;
				GCC_WARN_UNUSED_VARIABLE = YES;
				IPHONEOS_DEPLOYMENT_TARGET = 11.1;
				MTL_ENABLE_DEBUG_INFO = NO;
				SDKROOT = iphoneos;
				SWIFT_OPTIMIZATION_LEVEL = "-Owholemodule";
				VALIDATE_PRODUCT = YES;
			};
			name = Release;
		};
		6915A5E01FD19CFC00BDC94E /* Debug */ = {
			isa = XCBuildConfiguration;
			buildSettings = {
				ASSETCATALOG_COMPILER_APPICON_NAME = AppIcon;
				CODE_SIGN_STYLE = Automatic;
				INFOPLIST_FILE = "1201-load class list at runtime/Info.plist";
				LD_RUNPATH_SEARCH_PATHS = "$(inherited) @executable_path/Frameworks";
				PRODUCT_BUNDLE_IDENTIFIER = "com.yanzhang.www.-201-load-class-list-at-runtime";
				PRODUCT_NAME = "$(TARGET_NAME)";
				SWIFT_VERSION = 4.0;
				TARGETED_DEVICE_FAMILY = "1,2";
			};
			name = Debug;
		};
		6915A5E11FD19CFC00BDC94E /* Release */ = {
			isa = XCBuildConfiguration;
			buildSettings = {
				ASSETCATALOG_COMPILER_APPICON_NAME = AppIcon;
				CODE_SIGN_STYLE = Automatic;
				INFOPLIST_FILE = "1201-load class list at runtime/Info.plist";
				LD_RUNPATH_SEARCH_PATHS = "$(inherited) @executable_path/Frameworks";
				PRODUCT_BUNDLE_IDENTIFIER = "com.yanzhang.www.-201-load-class-list-at-runtime";
				PRODUCT_NAME = "$(TARGET_NAME)";
				SWIFT_VERSION = 4.0;
				TARGETED_DEVICE_FAMILY = "1,2";
			};
			name = Release;
		};
		6915A5E31FD19CFC00BDC94E /* Debug */ = {
			isa = XCBuildConfiguration;
			buildSettings = {
				ALWAYS_EMBED_SWIFT_STANDARD_LIBRARIES = YES;
				BUNDLE_LOADER = "$(TEST_HOST)";
				CODE_SIGN_STYLE = Automatic;
				INFOPLIST_FILE = "1201-load class list at runtimeTests/Info.plist";
				LD_RUNPATH_SEARCH_PATHS = "$(inherited) @executable_path/Frameworks @loader_path/Frameworks";
				PRODUCT_BUNDLE_IDENTIFIER = "com.yanzhang.www.-201-load-class-list-at-runtimeTests";
				PRODUCT_NAME = "$(TARGET_NAME)";
				SWIFT_VERSION = 4.0;
				TARGETED_DEVICE_FAMILY = "1,2";
				TEST_HOST = "$(BUILT_PRODUCTS_DIR)/1201-load class list at runtime.app/1201-load class list at runtime";
			};
			name = Debug;
		};
		6915A5E41FD19CFC00BDC94E /* Release */ = {
			isa = XCBuildConfiguration;
			buildSettings = {
				ALWAYS_EMBED_SWIFT_STANDARD_LIBRARIES = YES;
				BUNDLE_LOADER = "$(TEST_HOST)";
				CODE_SIGN_STYLE = Automatic;
				INFOPLIST_FILE = "1201-load class list at runtimeTests/Info.plist";
				LD_RUNPATH_SEARCH_PATHS = "$(inherited) @executable_path/Frameworks @loader_path/Frameworks";
				PRODUCT_BUNDLE_IDENTIFIER = "com.yanzhang.www.-201-load-class-list-at-runtimeTests";
				PRODUCT_NAME = "$(TARGET_NAME)";
				SWIFT_VERSION = 4.0;
				TARGETED_DEVICE_FAMILY = "1,2";
				TEST_HOST = "$(BUILT_PRODUCTS_DIR)/1201-load class list at runtime.app/1201-load class list at runtime";
			};
			name = Release;
		};
		6915A5E61FD19CFC00BDC94E /* Debug */ = {
			isa = XCBuildConfiguration;
			buildSettings = {
				ALWAYS_EMBED_SWIFT_STANDARD_LIBRARIES = YES;
				CODE_SIGN_STYLE = Automatic;
				INFOPLIST_FILE = "1201-load class list at runtimeUITests/Info.plist";
				LD_RUNPATH_SEARCH_PATHS = "$(inherited) @executable_path/Frameworks @loader_path/Frameworks";
				PRODUCT_BUNDLE_IDENTIFIER = "com.yanzhang.www.-201-load-class-list-at-runtimeUITests";
				PRODUCT_NAME = "$(TARGET_NAME)";
				SWIFT_VERSION = 4.0;
				TARGETED_DEVICE_FAMILY = "1,2";
				TEST_TARGET_NAME = "1201-load class list at runtime";
			};
			name = Debug;
		};
		6915A5E71FD19CFC00BDC94E /* Release */ = {
			isa = XCBuildConfiguration;
			buildSettings = {
				ALWAYS_EMBED_SWIFT_STANDARD_LIBRARIES = YES;
				CODE_SIGN_STYLE = Automatic;
				INFOPLIST_FILE = "1201-load class list at runtimeUITests/Info.plist";
				LD_RUNPATH_SEARCH_PATHS = "$(inherited) @executable_path/Frameworks @loader_path/Frameworks";
				PRODUCT_BUNDLE_IDENTIFIER = "com.yanzhang.www.-201-load-class-list-at-runtimeUITests";
				PRODUCT_NAME = "$(TARGET_NAME)";
				SWIFT_VERSION = 4.0;
				TARGETED_DEVICE_FAMILY = "1,2";
				TEST_TARGET_NAME = "1201-load class list at runtime";
			};
			name = Release;
		};
/* End XCBuildConfiguration section */

/* Begin XCConfigurationList section */
		6915A5B21FD19CFC00BDC94E /* Build configuration list for PBXProject "1201-load class list at runtime" */ = {
			isa = XCConfigurationList;
			buildConfigurations = (
				6915A5DD1FD19CFC00BDC94E /* Debug */,
				6915A5DE1FD19CFC00BDC94E /* Release */,
			);
			defaultConfigurationIsVisible = 0;
			defaultConfigurationName = Release;
		};
		6915A5DF1FD19CFC00BDC94E /* Build configuration list for PBXNativeTarget "1201-load class list at runtime" */ = {
			isa = XCConfigurationList;
			buildConfigurations = (
				6915A5E01FD19CFC00BDC94E /* Debug */,
				6915A5E11FD19CFC00BDC94E /* Release */,
			);
			defaultConfigurationIsVisible = 0;
			defaultConfigurationName = Release;
		};
		6915A5E21FD19CFC00BDC94E /* Build configuration list for PBXNativeTarget "1201-load class list at runtimeTests" */ = {
			isa = XCConfigurationList;
			buildConfigurations = (
				6915A5E31FD19CFC00BDC94E /* Debug */,
				6915A5E41FD19CFC00BDC94E /* Release */,
			);
			defaultConfigurationIsVisible = 0;
			defaultConfigurationName = Release;
		};
		6915A5E51FD19CFC00BDC94E /* Build configuration list for PBXNativeTarget "1201-load class list at runtimeUITests" */ = {
			isa = XCConfigurationList;
			buildConfigurations = (
				6915A5E61FD19CFC00BDC94E /* Debug */,
				6915A5E71FD19CFC00BDC94E /* Release */,
			);
			defaultConfigurationIsVisible = 0;
			defaultConfigurationName = Release;
		};
/* End XCConfigurationList section */
	};
	rootObject = 6915A5AF1FD19CFC00BDC94E /* Project object */;
}
