// !$*UTF8*$!
{
	archiveVersion = 1;
	classes = {
	};
	objectVersion = 48;
	objects = {

/* Begin PBXBuildFile section */
		3251EB69ED950016041C6D85 /* Pods_Weibo_demoUITests.framework in Frameworks */ = {isa = PBXBuildFile; fileRef = 1BA946DCCFF4B3C59BBF2D40 /* Pods_Weibo_demoUITests.framework */; };
		690339BB1FD98E2200A2F517 /* AppDelegate.swift in Sources */ = {isa = PBXBuildFile; fileRef = 690339BA1FD98E2200A2F517 /* AppDelegate.swift */; };
		690339C01FD98E2200A2F517 /* Main.storyboard in Resources */ = {isa = PBXBuildFile; fileRef = 690339BE1FD98E2200A2F517 /* Main.storyboard */; };
		690339C21FD98E2200A2F517 /* Assets.xcassets in Resources */ = {isa = PBXBuildFile; fileRef = 690339C11FD98E2200A2F517 /* Assets.xcassets */; };
		690339C51FD98E2200A2F517 /* LaunchScreen.storyboard in Resources */ = {isa = PBXBuildFile; fileRef = 690339C31FD98E2200A2F517 /* LaunchScreen.storyboard */; };
		690339D01FD98E2200A2F517 /* Weibo_demoTests.swift in Sources */ = {isa = PBXBuildFile; fileRef = 690339CF1FD98E2200A2F517 /* Weibo_demoTests.swift */; };
		690339DB1FD98E2200A2F517 /* Weibo_demoUITests.swift in Sources */ = {isa = PBXBuildFile; fileRef = 690339DA1FD98E2200A2F517 /* Weibo_demoUITests.swift */; };
		690339F31FD9944D00A2F517 /* WBMainViewController.swift in Sources */ = {isa = PBXBuildFile; fileRef = 690339F21FD9944D00A2F517 /* WBMainViewController.swift */; };
		690339F51FD9949500A2F517 /* WBNavigationController.swift in Sources */ = {isa = PBXBuildFile; fileRef = 690339F41FD9949500A2F517 /* WBNavigationController.swift */; };
		690339F71FD994BE00A2F517 /* WBBaseViewController.swift in Sources */ = {isa = PBXBuildFile; fileRef = 690339F61FD994BE00A2F517 /* WBBaseViewController.swift */; };
		690339F91FD9952E00A2F517 /* WBHomeViewController.swift in Sources */ = {isa = PBXBuildFile; fileRef = 690339F81FD9952E00A2F517 /* WBHomeViewController.swift */; };
		690339FB1FD9953E00A2F517 /* WBDiscoverViewController.swift in Sources */ = {isa = PBXBuildFile; fileRef = 690339FA1FD9953E00A2F517 /* WBDiscoverViewController.swift */; };
		690339FD1FD9955000A2F517 /* WBMessageViewController.swift in Sources */ = {isa = PBXBuildFile; fileRef = 690339FC1FD9955000A2F517 /* WBMessageViewController.swift */; };
		690339FF1FD9956100A2F517 /* WBProfileViewController.swift in Sources */ = {isa = PBXBuildFile; fileRef = 690339FE1FD9956100A2F517 /* WBProfileViewController.swift */; };
		69033A1E1FE0CB2E00A2F517 /* UIColor+CZAddition.m in Sources */ = {isa = PBXBuildFile; fileRef = 69033A011FE0CB2E00A2F517 /* UIColor+CZAddition.m */; };
		69033A1F1FE0CB2E00A2F517 /* UIView+CZAddition.m in Sources */ = {isa = PBXBuildFile; fileRef = 69033A021FE0CB2E00A2F517 /* UIView+CZAddition.m */; };
		69033A201FE0CB2E00A2F517 /* UIScreen+CZAddition.m in Sources */ = {isa = PBXBuildFile; fileRef = 69033A051FE0CB2E00A2F517 /* UIScreen+CZAddition.m */; };
		69033A211FE0CB2E00A2F517 /* UILabel+CZAddition.m in Sources */ = {isa = PBXBuildFile; fileRef = 69033A071FE0CB2E00A2F517 /* UILabel+CZAddition.m */; };
		69033A221FE0CB2E00A2F517 /* UIImage+Extension.m in Sources */ = {isa = PBXBuildFile; fileRef = 69033A091FE0CB2E00A2F517 /* UIImage+Extension.m */; };
		69033A231FE0CB2E00A2F517 /* NSString+CZBase64.m in Sources */ = {isa = PBXBuildFile; fileRef = 69033A0A1FE0CB2E00A2F517 /* NSString+CZBase64.m */; };
		69033A241FE0CB2E00A2F517 /* NSString+CZPath.m in Sources */ = {isa = PBXBuildFile; fileRef = 69033A0B1FE0CB2E00A2F517 /* NSString+CZPath.m */; };
		69033A251FE0CB2E00A2F517 /* UIView+JKFrame.m in Sources */ = {isa = PBXBuildFile; fileRef = 69033A0E1FE0CB2E00A2F517 /* UIView+JKFrame.m */; };
		69033A261FE0CB2E00A2F517 /* UIButton+CZAddition.m in Sources */ = {isa = PBXBuildFile; fileRef = 69033A0F1FE0CB2E00A2F517 /* UIButton+CZAddition.m */; };
		69033A271FE0CB2E00A2F517 /* NSObject+CZRuntime.m in Sources */ = {isa = PBXBuildFile; fileRef = 69033A121FE0CB2E00A2F517 /* NSObject+CZRuntime.m */; };
		69033A281FE0CB2E00A2F517 /* UIViewController+CZAddition.m in Sources */ = {isa = PBXBuildFile; fileRef = 69033A151FE0CB2E00A2F517 /* UIViewController+CZAddition.m */; };
		69033A291FE0CB2E00A2F517 /* NSString+CZHash.m in Sources */ = {isa = PBXBuildFile; fileRef = 69033A161FE0CB2E00A2F517 /* NSString+CZHash.m */; };
		69033A2A1FE0CB2E00A2F517 /* NSAttributedString+CZAdditon.m in Sources */ = {isa = PBXBuildFile; fileRef = 69033A1B1FE0CB2E00A2F517 /* NSAttributedString+CZAdditon.m */; };
		69033A2B1FE0CB2E00A2F517 /* NSArray+Log.m in Sources */ = {isa = PBXBuildFile; fileRef = 69033A1C1FE0CB2E00A2F517 /* NSArray+Log.m */; };
		69033A301FE10E2600A2F517 /* Bundle+extension.swift in Sources */ = {isa = PBXBuildFile; fileRef = 69033A2F1FE10E2600A2F517 /* Bundle+extension.swift */; };
		69033A331FE1741F00A2F517 /* WBTestViewController.swift in Sources */ = {isa = PBXBuildFile; fileRef = 69033A321FE1741F00A2F517 /* WBTestViewController.swift */; };
		69033A351FE2518700A2F517 /* UIBarButtonItem+Extension.swift in Sources */ = {isa = PBXBuildFile; fileRef = 69033A341FE2518700A2F517 /* UIBarButtonItem+Extension.swift */; };
		69961FC01FE7F24900C3405F /* WBVisitorView.swift in Sources */ = {isa = PBXBuildFile; fileRef = 69961FBF1FE7F24900C3405F /* WBVisitorView.swift */; };
		69961FC21FE9146200C3405F /* demo.json in Resources */ = {isa = PBXBuildFile; fileRef = 69961FC11FE9146100C3405F /* demo.json */; };
		73F8C5FE2955222C6C67C2F6 /* Pods_Weibo_demoTests.framework in Frameworks */ = {isa = PBXBuildFile; fileRef = 5D6301E12E20623783437695 /* Pods_Weibo_demoTests.framework */; };
		D1BA685EE8AA2D586FB99739 /* Pods_Weibo_demo.framework in Frameworks */ = {isa = PBXBuildFile; fileRef = 9B4A036DC4EEBDBF081FDCFE /* Pods_Weibo_demo.framework */; };
/* End PBXBuildFile section */

/* Begin PBXContainerItemProxy section */
		690339CC1FD98E2200A2F517 /* PBXContainerItemProxy */ = {
			isa = PBXContainerItemProxy;
			containerPortal = 690339AF1FD98E2200A2F517 /* Project object */;
			proxyType = 1;
			remoteGlobalIDString = 690339B61FD98E2200A2F517;
			remoteInfo = Weibo_demo;
		};
		690339D71FD98E2200A2F517 /* PBXContainerItemProxy */ = {
			isa = PBXContainerItemProxy;
			containerPortal = 690339AF1FD98E2200A2F517 /* Project object */;
			proxyType = 1;
			remoteGlobalIDString = 690339B61FD98E2200A2F517;
			remoteInfo = Weibo_demo;
		};
/* End PBXContainerItemProxy section */

/* Begin PBXFileReference section */
		0C71CCAECFD52E0EB93E0168 /* Pods-Weibo_demo.release.xcconfig */ = {isa = PBXFileReference; includeInIndex = 1; lastKnownFileType = text.xcconfig; name = "Pods-Weibo_demo.release.xcconfig"; path = "Pods/Target Support Files/Pods-Weibo_demo/Pods-Weibo_demo.release.xcconfig"; sourceTree = "<group>"; };
		12B83D83CA30A3FBD533E06F /* Pods-Weibo_demoUITests.release.xcconfig */ = {isa = PBXFileReference; includeInIndex = 1; lastKnownFileType = text.xcconfig; name = "Pods-Weibo_demoUITests.release.xcconfig"; path = "Pods/Target Support Files/Pods-Weibo_demoUITests/Pods-Weibo_demoUITests.release.xcconfig"; sourceTree = "<group>"; };
		19BF48798929DA560335ACA5 /* Pods-Weibo_demoUITests.debug.xcconfig */ = {isa = PBXFileReference; includeInIndex = 1; lastKnownFileType = text.xcconfig; name = "Pods-Weibo_demoUITests.debug.xcconfig"; path = "Pods/Target Support Files/Pods-Weibo_demoUITests/Pods-Weibo_demoUITests.debug.xcconfig"; sourceTree = "<group>"; };
		1BA946DCCFF4B3C59BBF2D40 /* Pods_Weibo_demoUITests.framework */ = {isa = PBXFileReference; explicitFileType = wrapper.framework; includeInIndex = 0; path = Pods_Weibo_demoUITests.framework; sourceTree = BUILT_PRODUCTS_DIR; };
		2E4CE1ED010D0EFD501C98F6 /* Pods-Weibo_demo.debug.xcconfig */ = {isa = PBXFileReference; includeInIndex = 1; lastKnownFileType = text.xcconfig; name = "Pods-Weibo_demo.debug.xcconfig"; path = "Pods/Target Support Files/Pods-Weibo_demo/Pods-Weibo_demo.debug.xcconfig"; sourceTree = "<group>"; };
		5D6301E12E20623783437695 /* Pods_Weibo_demoTests.framework */ = {isa = PBXFileReference; explicitFileType = wrapper.framework; includeInIndex = 0; path = Pods_Weibo_demoTests.framework; sourceTree = BUILT_PRODUCTS_DIR; };
		690339B71FD98E2200A2F517 /* Weibo_demo.app */ = {isa = PBXFileReference; explicitFileType = wrapper.application; includeInIndex = 0; path = Weibo_demo.app; sourceTree = BUILT_PRODUCTS_DIR; };
		690339BA1FD98E2200A2F517 /* AppDelegate.swift */ = {isa = PBXFileReference; lastKnownFileType = sourcecode.swift; path = AppDelegate.swift; sourceTree = "<group>"; };
		690339BF1FD98E2200A2F517 /* Base */ = {isa = PBXFileReference; lastKnownFileType = file.storyboard; name = Base; path = Base.lproj/Main.storyboard; sourceTree = "<group>"; };
		690339C11FD98E2200A2F517 /* Assets.xcassets */ = {isa = PBXFileReference; lastKnownFileType = folder.assetcatalog; path = Assets.xcassets; sourceTree = "<group>"; };
		690339C41FD98E2200A2F517 /* Base */ = {isa = PBXFileReference; lastKnownFileType = file.storyboard; name = Base; path = Base.lproj/LaunchScreen.storyboard; sourceTree = "<group>"; };
		690339C61FD98E2200A2F517 /* Info.plist */ = {isa = PBXFileReference; lastKnownFileType = text.plist.xml; path = Info.plist; sourceTree = "<group>"; };
		690339CB1FD98E2200A2F517 /* Weibo_demoTests.xctest */ = {isa = PBXFileReference; explicitFileType = wrapper.cfbundle; includeInIndex = 0; path = Weibo_demoTests.xctest; sourceTree = BUILT_PRODUCTS_DIR; };
		690339CF1FD98E2200A2F517 /* Weibo_demoTests.swift */ = {isa = PBXFileReference; lastKnownFileType = sourcecode.swift; path = Weibo_demoTests.swift; sourceTree = "<group>"; };
		690339D11FD98E2200A2F517 /* Info.plist */ = {isa = PBXFileReference; lastKnownFileType = text.plist.xml; path = Info.plist; sourceTree = "<group>"; };
		690339D61FD98E2200A2F517 /* Weibo_demoUITests.xctest */ = {isa = PBXFileReference; explicitFileType = wrapper.cfbundle; includeInIndex = 0; path = Weibo_demoUITests.xctest; sourceTree = BUILT_PRODUCTS_DIR; };
		690339DA1FD98E2200A2F517 /* Weibo_demoUITests.swift */ = {isa = PBXFileReference; lastKnownFileType = sourcecode.swift; path = Weibo_demoUITests.swift; sourceTree = "<group>"; };
		690339DC1FD98E2200A2F517 /* Info.plist */ = {isa = PBXFileReference; lastKnownFileType = text.plist.xml; path = Info.plist; sourceTree = "<group>"; };
		690339F21FD9944D00A2F517 /* WBMainViewController.swift */ = {isa = PBXFileReference; lastKnownFileType = sourcecode.swift; path = WBMainViewController.swift; sourceTree = "<group>"; };
		690339F41FD9949500A2F517 /* WBNavigationController.swift */ = {isa = PBXFileReference; lastKnownFileType = sourcecode.swift; path = WBNavigationController.swift; sourceTree = "<group>"; };
		690339F61FD994BE00A2F517 /* WBBaseViewController.swift */ = {isa = PBXFileReference; lastKnownFileType = sourcecode.swift; path = WBBaseViewController.swift; sourceTree = "<group>"; };
		690339F81FD9952E00A2F517 /* WBHomeViewController.swift */ = {isa = PBXFileReference; lastKnownFileType = sourcecode.swift; path = WBHomeViewController.swift; sourceTree = "<group>"; };
		690339FA1FD9953E00A2F517 /* WBDiscoverViewController.swift */ = {isa = PBXFileReference; lastKnownFileType = sourcecode.swift; path = WBDiscoverViewController.swift; sourceTree = "<group>"; };
		690339FC1FD9955000A2F517 /* WBMessageViewController.swift */ = {isa = PBXFileReference; lastKnownFileType = sourcecode.swift; path = WBMessageViewController.swift; sourceTree = "<group>"; };
		690339FE1FD9956100A2F517 /* WBProfileViewController.swift */ = {isa = PBXFileReference; lastKnownFileType = sourcecode.swift; path = WBProfileViewController.swift; sourceTree = "<group>"; };
		69033A011FE0CB2E00A2F517 /* UIColor+CZAddition.m */ = {isa = PBXFileReference; fileEncoding = 4; lastKnownFileType = sourcecode.c.objc; path = "UIColor+CZAddition.m"; sourceTree = "<group>"; };
		69033A021FE0CB2E00A2F517 /* UIView+CZAddition.m */ = {isa = PBXFileReference; fileEncoding = 4; lastKnownFileType = sourcecode.c.objc; path = "UIView+CZAddition.m"; sourceTree = "<group>"; };
		69033A031FE0CB2E00A2F517 /* UIButton+CZAddition.h */ = {isa = PBXFileReference; fileEncoding = 4; lastKnownFileType = sourcecode.c.h; path = "UIButton+CZAddition.h"; sourceTree = "<group>"; };
		69033A041FE0CB2E00A2F517 /* NSString+CZHash.h */ = {isa = PBXFileReference; fileEncoding = 4; lastKnownFileType = sourcecode.c.h; path = "NSString+CZHash.h"; sourceTree = "<group>"; };
		69033A051FE0CB2E00A2F517 /* UIScreen+CZAddition.m */ = {isa = PBXFileReference; fileEncoding = 4; lastKnownFileType = sourcecode.c.objc; path = "UIScreen+CZAddition.m"; sourceTree = "<group>"; };
		69033A061FE0CB2E00A2F517 /* UIViewController+CZAddition.h */ = {isa = PBXFileReference; fileEncoding = 4; lastKnownFileType = sourcecode.c.h; path = "UIViewController+CZAddition.h"; sourceTree = "<group>"; };
		69033A071FE0CB2E00A2F517 /* UILabel+CZAddition.m */ = {isa = PBXFileReference; fileEncoding = 4; lastKnownFileType = sourcecode.c.objc; path = "UILabel+CZAddition.m"; sourceTree = "<group>"; };
		69033A081FE0CB2E00A2F517 /* NSObject+CZRuntime.h */ = {isa = PBXFileReference; fileEncoding = 4; lastKnownFileType = sourcecode.c.h; path = "NSObject+CZRuntime.h"; sourceTree = "<group>"; };
		69033A091FE0CB2E00A2F517 /* UIImage+Extension.m */ = {isa = PBXFileReference; fileEncoding = 4; lastKnownFileType = sourcecode.c.objc; path = "UIImage+Extension.m"; sourceTree = "<group>"; };
		69033A0A1FE0CB2E00A2F517 /* NSString+CZBase64.m */ = {isa = PBXFileReference; fileEncoding = 4; lastKnownFileType = sourcecode.c.objc; path = "NSString+CZBase64.m"; sourceTree = "<group>"; };
		69033A0B1FE0CB2E00A2F517 /* NSString+CZPath.m */ = {isa = PBXFileReference; fileEncoding = 4; lastKnownFileType = sourcecode.c.objc; path = "NSString+CZPath.m"; sourceTree = "<group>"; };
		69033A0C1FE0CB2E00A2F517 /* NSArray+Log.h */ = {isa = PBXFileReference; fileEncoding = 4; lastKnownFileType = sourcecode.c.h; path = "NSArray+Log.h"; sourceTree = "<group>"; };
		69033A0D1FE0CB2E00A2F517 /* NSAttributedString+CZAdditon.h */ = {isa = PBXFileReference; fileEncoding = 4; lastKnownFileType = sourcecode.c.h; path = "NSAttributedString+CZAdditon.h"; sourceTree = "<group>"; };
		69033A0E1FE0CB2E00A2F517 /* UIView+JKFrame.m */ = {isa = PBXFileReference; fileEncoding = 4; lastKnownFileType = sourcecode.c.objc; path = "UIView+JKFrame.m"; sourceTree = "<group>"; };
		69033A0F1FE0CB2E00A2F517 /* UIButton+CZAddition.m */ = {isa = PBXFileReference; fileEncoding = 4; lastKnownFileType = sourcecode.c.objc; path = "UIButton+CZAddition.m"; sourceTree = "<group>"; };
		69033A101FE0CB2E00A2F517 /* UIView+CZAddition.h */ = {isa = PBXFileReference; fileEncoding = 4; lastKnownFileType = sourcecode.c.h; path = "UIView+CZAddition.h"; sourceTree = "<group>"; };
		69033A111FE0CB2E00A2F517 /* UIColor+CZAddition.h */ = {isa = PBXFileReference; fileEncoding = 4; lastKnownFileType = sourcecode.c.h; path = "UIColor+CZAddition.h"; sourceTree = "<group>"; };
		69033A121FE0CB2E00A2F517 /* NSObject+CZRuntime.m */ = {isa = PBXFileReference; fileEncoding = 4; lastKnownFileType = sourcecode.c.objc; path = "NSObject+CZRuntime.m"; sourceTree = "<group>"; };
		69033A131FE0CB2E00A2F517 /* UILabel+CZAddition.h */ = {isa = PBXFileReference; fileEncoding = 4; lastKnownFileType = sourcecode.c.h; path = "UILabel+CZAddition.h"; sourceTree = "<group>"; };
		69033A141FE0CB2E00A2F517 /* UIScreen+CZAddition.h */ = {isa = PBXFileReference; fileEncoding = 4; lastKnownFileType = sourcecode.c.h; path = "UIScreen+CZAddition.h"; sourceTree = "<group>"; };
		69033A151FE0CB2E00A2F517 /* UIViewController+CZAddition.m */ = {isa = PBXFileReference; fileEncoding = 4; lastKnownFileType = sourcecode.c.objc; path = "UIViewController+CZAddition.m"; sourceTree = "<group>"; };
		69033A161FE0CB2E00A2F517 /* NSString+CZHash.m */ = {isa = PBXFileReference; fileEncoding = 4; lastKnownFileType = sourcecode.c.objc; path = "NSString+CZHash.m"; sourceTree = "<group>"; };
		69033A171FE0CB2E00A2F517 /* NSString+CZBase64.h */ = {isa = PBXFileReference; fileEncoding = 4; lastKnownFileType = sourcecode.c.h; path = "NSString+CZBase64.h"; sourceTree = "<group>"; };
		69033A181FE0CB2E00A2F517 /* UIImage+Extension.h */ = {isa = PBXFileReference; fileEncoding = 4; lastKnownFileType = sourcecode.c.h; path = "UIImage+Extension.h"; sourceTree = "<group>"; };
		69033A191FE0CB2E00A2F517 /* CZAdditions.h */ = {isa = PBXFileReference; fileEncoding = 4; lastKnownFileType = sourcecode.c.h; path = CZAdditions.h; sourceTree = "<group>"; };
		69033A1A1FE0CB2E00A2F517 /* UIView+JKFrame.h */ = {isa = PBXFileReference; fileEncoding = 4; lastKnownFileType = sourcecode.c.h; path = "UIView+JKFrame.h"; sourceTree = "<group>"; };
		69033A1B1FE0CB2E00A2F517 /* NSAttributedString+CZAdditon.m */ = {isa = PBXFileReference; fileEncoding = 4; lastKnownFileType = sourcecode.c.objc; path = "NSAttributedString+CZAdditon.m"; sourceTree = "<group>"; };
		69033A1C1FE0CB2E00A2F517 /* NSArray+Log.m */ = {isa = PBXFileReference; fileEncoding = 4; lastKnownFileType = sourcecode.c.objc; path = "NSArray+Log.m"; sourceTree = "<group>"; };
		69033A1D1FE0CB2E00A2F517 /* NSString+CZPath.h */ = {isa = PBXFileReference; fileEncoding = 4; lastKnownFileType = sourcecode.c.h; path = "NSString+CZPath.h"; sourceTree = "<group>"; };
		69033A2D1FE0D37B00A2F517 /* Weibo-Bridge.h */ = {isa = PBXFileReference; lastKnownFileType = sourcecode.c.h; path = "Weibo-Bridge.h"; sourceTree = "<group>"; };
		69033A2F1FE10E2600A2F517 /* Bundle+extension.swift */ = {isa = PBXFileReference; fileEncoding = 4; lastKnownFileType = sourcecode.swift; name = "Bundle+extension.swift"; path = "../../../../../../reactionTestDemoEvolution1/reactionTestDemo/reactionTestDemo/Bundle+extension.swift"; sourceTree = "<group>"; };
		69033A321FE1741F00A2F517 /* WBTestViewController.swift */ = {isa = PBXFileReference; lastKnownFileType = sourcecode.swift; path = WBTestViewController.swift; sourceTree = "<group>"; };
		69033A341FE2518700A2F517 /* UIBarButtonItem+Extension.swift */ = {isa = PBXFileReference; lastKnownFileType = sourcecode.swift; path = "UIBarButtonItem+Extension.swift"; sourceTree = "<group>"; };
		69961FBF1FE7F24900C3405F /* WBVisitorView.swift */ = {isa = PBXFileReference; lastKnownFileType = sourcecode.swift; path = WBVisitorView.swift; sourceTree = "<group>"; };
		69961FC11FE9146100C3405F /* demo.json */ = {isa = PBXFileReference; fileEncoding = 4; lastKnownFileType = text.json; path = demo.json; sourceTree = "<group>"; };
		9B4A036DC4EEBDBF081FDCFE /* Pods_Weibo_demo.framework */ = {isa = PBXFileReference; explicitFileType = wrapper.framework; includeInIndex = 0; path = Pods_Weibo_demo.framework; sourceTree = BUILT_PRODUCTS_DIR; };
		A1451F61C95AA149131A1DC6 /* Pods-Weibo_demoTests.debug.xcconfig */ = {isa = PBXFileReference; includeInIndex = 1; lastKnownFileType = text.xcconfig; name = "Pods-Weibo_demoTests.debug.xcconfig"; path = "Pods/Target Support Files/Pods-Weibo_demoTests/Pods-Weibo_demoTests.debug.xcconfig"; sourceTree = "<group>"; };
		B0F5594BB7E6E2472B91EB26 /* Pods-Weibo_demoTests.release.xcconfig */ = {isa = PBXFileReference; includeInIndex = 1; lastKnownFileType = text.xcconfig; name = "Pods-Weibo_demoTests.release.xcconfig"; path = "Pods/Target Support Files/Pods-Weibo_demoTests/Pods-Weibo_demoTests.release.xcconfig"; sourceTree = "<group>"; };
/* End PBXFileReference section */

/* Begin PBXFrameworksBuildPhase section */
		690339B41FD98E2200A2F517 /* Frameworks */ = {
			isa = PBXFrameworksBuildPhase;
			buildActionMask = 2147483647;
			files = (
				D1BA685EE8AA2D586FB99739 /* Pods_Weibo_demo.framework in Frameworks */,
			);
			runOnlyForDeploymentPostprocessing = 0;
		};
		690339C81FD98E2200A2F517 /* Frameworks */ = {
			isa = PBXFrameworksBuildPhase;
			buildActionMask = 2147483647;
			files = (
				73F8C5FE2955222C6C67C2F6 /* Pods_Weibo_demoTests.framework in Frameworks */,
			);
			runOnlyForDeploymentPostprocessing = 0;
		};
		690339D31FD98E2200A2F517 /* Frameworks */ = {
			isa = PBXFrameworksBuildPhase;
			buildActionMask = 2147483647;
			files = (
				3251EB69ED950016041C6D85 /* Pods_Weibo_demoUITests.framework in Frameworks */,
			);
			runOnlyForDeploymentPostprocessing = 0;
		};
/* End PBXFrameworksBuildPhase section */

/* Begin PBXGroup section */
		690339AE1FD98E2200A2F517 = {
			isa = PBXGroup;
			children = (
				690339B91FD98E2200A2F517 /* Weibo_demo */,
				690339CE1FD98E2200A2F517 /* Weibo_demoTests */,
				690339D91FD98E2200A2F517 /* Weibo_demoUITests */,
				690339B81FD98E2200A2F517 /* Products */,
				A4BDCAB574544371B73E6581 /* Pods */,
				ACEC79B533E08B7929FB3A74 /* Frameworks */,
			);
			sourceTree = "<group>";
		};
		690339B81FD98E2200A2F517 /* Products */ = {
			isa = PBXGroup;
			children = (
				690339B71FD98E2200A2F517 /* Weibo_demo.app */,
				690339CB1FD98E2200A2F517 /* Weibo_demoTests.xctest */,
				690339D61FD98E2200A2F517 /* Weibo_demoUITests.xctest */,
			);
			name = Products;
			sourceTree = "<group>";
		};
		690339B91FD98E2200A2F517 /* Weibo_demo */ = {
			isa = PBXGroup;
			children = (
				690339E81FD993B700A2F517 /* Classes */,
				690339BA1FD98E2200A2F517 /* AppDelegate.swift */,
				69033A2D1FE0D37B00A2F517 /* Weibo-Bridge.h */,
				690339BE1FD98E2200A2F517 /* Main.storyboard */,
				690339C11FD98E2200A2F517 /* Assets.xcassets */,
				690339C31FD98E2200A2F517 /* LaunchScreen.storyboard */,
				690339C61FD98E2200A2F517 /* Info.plist */,
			);
			path = Weibo_demo;
			sourceTree = "<group>";
		};
		690339CE1FD98E2200A2F517 /* Weibo_demoTests */ = {
			isa = PBXGroup;
			children = (
				690339CF1FD98E2200A2F517 /* Weibo_demoTests.swift */,
				690339D11FD98E2200A2F517 /* Info.plist */,
			);
			path = Weibo_demoTests;
			sourceTree = "<group>";
		};
		690339D91FD98E2200A2F517 /* Weibo_demoUITests */ = {
			isa = PBXGroup;
			children = (
				690339DA1FD98E2200A2F517 /* Weibo_demoUITests.swift */,
				690339DC1FD98E2200A2F517 /* Info.plist */,
			);
			path = Weibo_demoUITests;
			sourceTree = "<group>";
		};
		690339E81FD993B700A2F517 /* Classes */ = {
			isa = PBXGroup;
			children = (
				69033A311FE1740500A2F517 /* Test */,
				690339F11FD993B700A2F517 /* Models */,
				690339EA1FD993B700A2F517 /* Views|Controllers */,
				690339E91FD993B700A2F517 /* ViewModels */,
				690339F01FD993B700A2F517 /* Tools */,
			);
			path = Classes;
			sourceTree = "<group>";
		};
		690339E91FD993B700A2F517 /* ViewModels */ = {
			isa = PBXGroup;
			children = (
			);
			path = ViewModels;
			sourceTree = "<group>";
		};
		690339EA1FD993B700A2F517 /* Views|Controllers */ = {
			isa = PBXGroup;
			children = (
				690339EF1FD993B700A2F517 /* Main */,
				690339EB1FD993B700A2F517 /* Home */,
				690339EC1FD993B700A2F517 /* Discover */,
				690339ED1FD993B700A2F517 /* Message */,
				690339EE1FD993B700A2F517 /* Profile */,
			);
			path = "Views|Controllers";
			sourceTree = "<group>";
		};
		690339EB1FD993B700A2F517 /* Home */ = {
			isa = PBXGroup;
			children = (
				690339F81FD9952E00A2F517 /* WBHomeViewController.swift */,
			);
			path = Home;
			sourceTree = "<group>";
		};
		690339EC1FD993B700A2F517 /* Discover */ = {
			isa = PBXGroup;
			children = (
				690339FA1FD9953E00A2F517 /* WBDiscoverViewController.swift */,
			);
			path = Discover;
			sourceTree = "<group>";
		};
		690339ED1FD993B700A2F517 /* Message */ = {
			isa = PBXGroup;
			children = (
				690339FC1FD9955000A2F517 /* WBMessageViewController.swift */,
			);
			path = Message;
			sourceTree = "<group>";
		};
		690339EE1FD993B700A2F517 /* Profile */ = {
			isa = PBXGroup;
			children = (
				690339FE1FD9956100A2F517 /* WBProfileViewController.swift */,
			);
			path = Profile;
			sourceTree = "<group>";
		};
		690339EF1FD993B700A2F517 /* Main */ = {
			isa = PBXGroup;
			children = (
				69961FC11FE9146100C3405F /* demo.json */,
				69961FBE1FE7F1AB00C3405F /* VisitView */,
				690339F21FD9944D00A2F517 /* WBMainViewController.swift */,
				690339F41FD9949500A2F517 /* WBNavigationController.swift */,
				690339F61FD994BE00A2F517 /* WBBaseViewController.swift */,
			);
			path = Main;
			sourceTree = "<group>";
		};
		690339F01FD993B700A2F517 /* Tools */ = {
			isa = PBXGroup;
			children = (
				69033A2E1FE10D8400A2F517 /* Extensions */,
				69033A001FE0CB2E00A2F517 /* Additions */,
			);
			path = Tools;
			sourceTree = "<group>";
		};
		690339F11FD993B700A2F517 /* Models */ = {
			isa = PBXGroup;
			children = (
			);
			path = Models;
			sourceTree = "<group>";
		};
		69033A001FE0CB2E00A2F517 /* Additions */ = {
			isa = PBXGroup;
			children = (
				69033A191FE0CB2E00A2F517 /* CZAdditions.h */,
				69033A011FE0CB2E00A2F517 /* UIColor+CZAddition.m */,
				69033A021FE0CB2E00A2F517 /* UIView+CZAddition.m */,
				69033A031FE0CB2E00A2F517 /* UIButton+CZAddition.h */,
				69033A041FE0CB2E00A2F517 /* NSString+CZHash.h */,
				69033A051FE0CB2E00A2F517 /* UIScreen+CZAddition.m */,
				69033A061FE0CB2E00A2F517 /* UIViewController+CZAddition.h */,
				69033A071FE0CB2E00A2F517 /* UILabel+CZAddition.m */,
				69033A081FE0CB2E00A2F517 /* NSObject+CZRuntime.h */,
				69033A091FE0CB2E00A2F517 /* UIImage+Extension.m */,
				69033A0A1FE0CB2E00A2F517 /* NSString+CZBase64.m */,
				69033A0B1FE0CB2E00A2F517 /* NSString+CZPath.m */,
				69033A0C1FE0CB2E00A2F517 /* NSArray+Log.h */,
				69033A0D1FE0CB2E00A2F517 /* NSAttributedString+CZAdditon.h */,
				69033A0E1FE0CB2E00A2F517 /* UIView+JKFrame.m */,
				69033A0F1FE0CB2E00A2F517 /* UIButton+CZAddition.m */,
				69033A101FE0CB2E00A2F517 /* UIView+CZAddition.h */,
				69033A111FE0CB2E00A2F517 /* UIColor+CZAddition.h */,
				69033A121FE0CB2E00A2F517 /* NSObject+CZRuntime.m */,
				69033A131FE0CB2E00A2F517 /* UILabel+CZAddition.h */,
				69033A141FE0CB2E00A2F517 /* UIScreen+CZAddition.h */,
				69033A151FE0CB2E00A2F517 /* UIViewController+CZAddition.m */,
				69033A161FE0CB2E00A2F517 /* NSString+CZHash.m */,
				69033A171FE0CB2E00A2F517 /* NSString+CZBase64.h */,
				69033A181FE0CB2E00A2F517 /* UIImage+Extension.h */,
				69033A1A1FE0CB2E00A2F517 /* UIView+JKFrame.h */,
				69033A1B1FE0CB2E00A2F517 /* NSAttributedString+CZAdditon.m */,
				69033A1C1FE0CB2E00A2F517 /* NSArray+Log.m */,
				69033A1D1FE0CB2E00A2F517 /* NSString+CZPath.h */,
			);
			path = Additions;
			sourceTree = "<group>";
		};
		69033A2E1FE10D8400A2F517 /* Extensions */ = {
			isa = PBXGroup;
			children = (
				69033A2F1FE10E2600A2F517 /* Bundle+extension.swift */,
				69033A341FE2518700A2F517 /* UIBarButtonItem+Extension.swift */,
			);
			path = Extensions;
			sourceTree = "<group>";
		};
		69033A311FE1740500A2F517 /* Test */ = {
			isa = PBXGroup;
			children = (
				69033A321FE1741F00A2F517 /* WBTestViewController.swift */,
			);
			path = Test;
			sourceTree = "<group>";
		};
		69961FBE1FE7F1AB00C3405F /* VisitView */ = {
			isa = PBXGroup;
			children = (
				69961FBF1FE7F24900C3405F /* WBVisitorView.swift */,
			);
			path = VisitView;
			sourceTree = "<group>";
		};
		A4BDCAB574544371B73E6581 /* Pods */ = {
			isa = PBXGroup;
			children = (
				2E4CE1ED010D0EFD501C98F6 /* Pods-Weibo_demo.debug.xcconfig */,
				0C71CCAECFD52E0EB93E0168 /* Pods-Weibo_demo.release.xcconfig */,
				A1451F61C95AA149131A1DC6 /* Pods-Weibo_demoTests.debug.xcconfig */,
				B0F5594BB7E6E2472B91EB26 /* Pods-Weibo_demoTests.release.xcconfig */,
				19BF48798929DA560335ACA5 /* Pods-Weibo_demoUITests.debug.xcconfig */,
				12B83D83CA30A3FBD533E06F /* Pods-Weibo_demoUITests.release.xcconfig */,
			);
			name = Pods;
			sourceTree = "<group>";
		};
		ACEC79B533E08B7929FB3A74 /* Frameworks */ = {
			isa = PBXGroup;
			children = (
				9B4A036DC4EEBDBF081FDCFE /* Pods_Weibo_demo.framework */,
				5D6301E12E20623783437695 /* Pods_Weibo_demoTests.framework */,
				1BA946DCCFF4B3C59BBF2D40 /* Pods_Weibo_demoUITests.framework */,
			);
			name = Frameworks;
			sourceTree = "<group>";
		};
/* End PBXGroup section */

/* Begin PBXNativeTarget section */
		690339B61FD98E2200A2F517 /* Weibo_demo */ = {
			isa = PBXNativeTarget;
			buildConfigurationList = 690339DF1FD98E2200A2F517 /* Build configuration list for PBXNativeTarget "Weibo_demo" */;
			buildPhases = (
				57B7A707B4859D82D17BB44C /* [CP] Check Pods Manifest.lock */,
				690339B31FD98E2200A2F517 /* Sources */,
				690339B41FD98E2200A2F517 /* Frameworks */,
				690339B51FD98E2200A2F517 /* Resources */,
				93E5254C8D4A4ED29E8A262F /* [CP] Embed Pods Frameworks */,
				FF4D2E6D63016C3191E72216 /* [CP] Copy Pods Resources */,
			);
			buildRules = (
			);
			dependencies = (
			);
			name = Weibo_demo;
			productName = Weibo_demo;
			productReference = 690339B71FD98E2200A2F517 /* Weibo_demo.app */;
			productType = "com.apple.product-type.application";
		};
		690339CA1FD98E2200A2F517 /* Weibo_demoTests */ = {
			isa = PBXNativeTarget;
			buildConfigurationList = 690339E21FD98E2200A2F517 /* Build configuration list for PBXNativeTarget "Weibo_demoTests" */;
			buildPhases = (
				D8FEEAB46156AB299FDA2804 /* [CP] Check Pods Manifest.lock */,
				690339C71FD98E2200A2F517 /* Sources */,
				690339C81FD98E2200A2F517 /* Frameworks */,
				690339C91FD98E2200A2F517 /* Resources */,
				93075E962CF1C9718D7ABE8D /* [CP] Embed Pods Frameworks */,
				C5EA9AF07E635EF3AD310C76 /* [CP] Copy Pods Resources */,
			);
			buildRules = (
			);
			dependencies = (
				690339CD1FD98E2200A2F517 /* PBXTargetDependency */,
			);
			name = Weibo_demoTests;
			productName = Weibo_demoTests;
			productReference = 690339CB1FD98E2200A2F517 /* Weibo_demoTests.xctest */;
			productType = "com.apple.product-type.bundle.unit-test";
		};
		690339D51FD98E2200A2F517 /* Weibo_demoUITests */ = {
			isa = PBXNativeTarget;
			buildConfigurationList = 690339E51FD98E2200A2F517 /* Build configuration list for PBXNativeTarget "Weibo_demoUITests" */;
			buildPhases = (
				22D217C1E9C0DF5A0F0BB651 /* [CP] Check Pods Manifest.lock */,
				690339D21FD98E2200A2F517 /* Sources */,
				690339D31FD98E2200A2F517 /* Frameworks */,
				690339D41FD98E2200A2F517 /* Resources */,
				C91AB1255A60659C5457C645 /* [CP] Embed Pods Frameworks */,
				298BECB2DBEF613C17A02444 /* [CP] Copy Pods Resources */,
			);
			buildRules = (
			);
			dependencies = (
				690339D81FD98E2200A2F517 /* PBXTargetDependency */,
			);
			name = Weibo_demoUITests;
			productName = Weibo_demoUITests;
			productReference = 690339D61FD98E2200A2F517 /* Weibo_demoUITests.xctest */;
			productType = "com.apple.product-type.bundle.ui-testing";
		};
/* End PBXNativeTarget section */

/* Begin PBXProject section */
		690339AF1FD98E2200A2F517 /* Project object */ = {
			isa = PBXProject;
			attributes = {
				CLASSPREFIX = WB;
				LastSwiftUpdateCheck = 0920;
				LastUpgradeCheck = 0920;
				ORGANIZATIONNAME = toxicanty;
				TargetAttributes = {
					690339B61FD98E2200A2F517 = {
						CreatedOnToolsVersion = 9.2;
						ProvisioningStyle = Automatic;
					};
					690339CA1FD98E2200A2F517 = {
						CreatedOnToolsVersion = 9.2;
						ProvisioningStyle = Automatic;
						TestTargetID = 690339B61FD98E2200A2F517;
					};
					690339D51FD98E2200A2F517 = {
						CreatedOnToolsVersion = 9.2;
						ProvisioningStyle = Automatic;
						TestTargetID = 690339B61FD98E2200A2F517;
					};
				};
			};
			buildConfigurationList = 690339B21FD98E2200A2F517 /* Build configuration list for PBXProject "Weibo_demo" */;
			compatibilityVersion = "Xcode 8.0";
			developmentRegion = en;
			hasScannedForEncodings = 0;
			knownRegions = (
				en,
				Base,
			);
			mainGroup = 690339AE1FD98E2200A2F517;
			productRefGroup = 690339B81FD98E2200A2F517 /* Products */;
			projectDirPath = "";
			projectRoot = "";
			targets = (
				690339B61FD98E2200A2F517 /* Weibo_demo */,
				690339CA1FD98E2200A2F517 /* Weibo_demoTests */,
				690339D51FD98E2200A2F517 /* Weibo_demoUITests */,
			);
		};
/* End PBXProject section */

/* Begin PBXResourcesBuildPhase section */
		690339B51FD98E2200A2F517 /* Resources */ = {
			isa = PBXResourcesBuildPhase;
			buildActionMask = 2147483647;
			files = (
				690339C51FD98E2200A2F517 /* LaunchScreen.storyboard in Resources */,
				690339C21FD98E2200A2F517 /* Assets.xcassets in Resources */,
				69961FC21FE9146200C3405F /* demo.json in Resources */,
				690339C01FD98E2200A2F517 /* Main.storyboard in Resources */,
			);
			runOnlyForDeploymentPostprocessing = 0;
		};
		690339C91FD98E2200A2F517 /* Resources */ = {
			isa = PBXResourcesBuildPhase;
			buildActionMask = 2147483647;
			files = (
			);
			runOnlyForDeploymentPostprocessing = 0;
		};
		690339D41FD98E2200A2F517 /* Resources */ = {
			isa = PBXResourcesBuildPhase;
			buildActionMask = 2147483647;
			files = (
			);
			runOnlyForDeploymentPostprocessing = 0;
		};
/* End PBXResourcesBuildPhase section */

/* Begin PBXShellScriptBuildPhase section */
		22D217C1E9C0DF5A0F0BB651 /* [CP] Check Pods Manifest.lock */ = {
			isa = PBXShellScriptBuildPhase;
			buildActionMask = 2147483647;
			files = (
			);
			inputPaths = (
				"${PODS_PODFILE_DIR_PATH}/Podfile.lock",
				"${PODS_ROOT}/Manifest.lock",
			);
			name = "[CP] Check Pods Manifest.lock";
			outputPaths = (
				"$(DERIVED_FILE_DIR)/Pods-Weibo_demoUITests-checkManifestLockResult.txt",
			);
			runOnlyForDeploymentPostprocessing = 0;
			shellPath = /bin/sh;
			shellScript = "diff \"${PODS_PODFILE_DIR_PATH}/Podfile.lock\" \"${PODS_ROOT}/Manifest.lock\" > /dev/null\nif [ $? != 0 ] ; then\n    # print error to STDERR\n    echo \"error: The sandbox is not in sync with the Podfile.lock. Run 'pod install' or update your CocoaPods installation.\" >&2\n    exit 1\nfi\n# This output is used by Xcode 'outputs' to avoid re-running this script phase.\necho \"SUCCESS\" > \"${SCRIPT_OUTPUT_FILE_0}\"\n";
			showEnvVarsInLog = 0;
		};
		298BECB2DBEF613C17A02444 /* [CP] Copy Pods Resources */ = {
			isa = PBXShellScriptBuildPhase;
			buildActionMask = 2147483647;
			files = (
			);
			inputPaths = (
			);
			name = "[CP] Copy Pods Resources";
			outputPaths = (
			);
			runOnlyForDeploymentPostprocessing = 0;
			shellPath = /bin/sh;
			shellScript = "\"${SRCROOT}/Pods/Target Support Files/Pods-Weibo_demoUITests/Pods-Weibo_demoUITests-resources.sh\"\n";
			showEnvVarsInLog = 0;
		};
		57B7A707B4859D82D17BB44C /* [CP] Check Pods Manifest.lock */ = {
			isa = PBXShellScriptBuildPhase;
			buildActionMask = 2147483647;
			files = (
			);
			inputPaths = (
				"${PODS_PODFILE_DIR_PATH}/Podfile.lock",
				"${PODS_ROOT}/Manifest.lock",
			);
			name = "[CP] Check Pods Manifest.lock";
			outputPaths = (
				"$(DERIVED_FILE_DIR)/Pods-Weibo_demo-checkManifestLockResult.txt",
			);
			runOnlyForDeploymentPostprocessing = 0;
			shellPath = /bin/sh;
			shellScript = "diff \"${PODS_PODFILE_DIR_PATH}/Podfile.lock\" \"${PODS_ROOT}/Manifest.lock\" > /dev/null\nif [ $? != 0 ] ; then\n    # print error to STDERR\n    echo \"error: The sandbox is not in sync with the Podfile.lock. Run 'pod install' or update your CocoaPods installation.\" >&2\n    exit 1\nfi\n# This output is used by Xcode 'outputs' to avoid re-running this script phase.\necho \"SUCCESS\" > \"${SCRIPT_OUTPUT_FILE_0}\"\n";
			showEnvVarsInLog = 0;
		};
		93075E962CF1C9718D7ABE8D /* [CP] Embed Pods Frameworks */ = {
			isa = PBXShellScriptBuildPhase;
			buildActionMask = 2147483647;
			files = (
			);
			inputPaths = (
			);
			name = "[CP] Embed Pods Frameworks";
			outputPaths = (
			);
			runOnlyForDeploymentPostprocessing = 0;
			shellPath = /bin/sh;
			shellScript = "\"${SRCROOT}/Pods/Target Support Files/Pods-Weibo_demoTests/Pods-Weibo_demoTests-frameworks.sh\"\n";
			showEnvVarsInLog = 0;
		};
		93E5254C8D4A4ED29E8A262F /* [CP] Embed Pods Frameworks */ = {
			isa = PBXShellScriptBuildPhase;
			buildActionMask = 2147483647;
			files = (
			);
			inputPaths = (
				"${SRCROOT}/Pods/Target Support Files/Pods-Weibo_demo/Pods-Weibo_demo-frameworks.sh",
				"${BUILT_PRODUCTS_DIR}/AFNetworking/AFNetworking.framework",
				"${BUILT_PRODUCTS_DIR}/FMDB/FMDB.framework",
				"${BUILT_PRODUCTS_DIR}/SDWebImage/SDWebImage.framework",
				"${BUILT_PRODUCTS_DIR}/SVProgressHUD/SVProgressHUD.framework",
				"${BUILT_PRODUCTS_DIR}/YYModel/YYModel.framework",
				"${BUILT_PRODUCTS_DIR}/pop/pop.framework",
			);
			name = "[CP] Embed Pods Frameworks";
			outputPaths = (
				"${TARGET_BUILD_DIR}/${FRAMEWORKS_FOLDER_PATH}/AFNetworking.framework",
				"${TARGET_BUILD_DIR}/${FRAMEWORKS_FOLDER_PATH}/FMDB.framework",
				"${TARGET_BUILD_DIR}/${FRAMEWORKS_FOLDER_PATH}/SDWebImage.framework",
				"${TARGET_BUILD_DIR}/${FRAMEWORKS_FOLDER_PATH}/SVProgressHUD.framework",
				"${TARGET_BUILD_DIR}/${FRAMEWORKS_FOLDER_PATH}/YYModel.framework",
				"${TARGET_BUILD_DIR}/${FRAMEWORKS_FOLDER_PATH}/pop.framework",
			);
			runOnlyForDeploymentPostprocessing = 0;
			shellPath = /bin/sh;
			shellScript = "\"${SRCROOT}/Pods/Target Support Files/Pods-Weibo_demo/Pods-Weibo_demo-frameworks.sh\"\n";
			showEnvVarsInLog = 0;
		};
		C5EA9AF07E635EF3AD310C76 /* [CP] Copy Pods Resources */ = {
			isa = PBXShellScriptBuildPhase;
			buildActionMask = 2147483647;
			files = (
			);
			inputPaths = (
			);
			name = "[CP] Copy Pods Resources";
			outputPaths = (
			);
			runOnlyForDeploymentPostprocessing = 0;
			shellPath = /bin/sh;
			shellScript = "\"${SRCROOT}/Pods/Target Support Files/Pods-Weibo_demoTests/Pods-Weibo_demoTests-resources.sh\"\n";
			showEnvVarsInLog = 0;
		};
		C91AB1255A60659C5457C645 /* [CP] Embed Pods Frameworks */ = {
			isa = PBXShellScriptBuildPhase;
			buildActionMask = 2147483647;
			files = (
			);
			inputPaths = (
			);
			name = "[CP] Embed Pods Frameworks";
			outputPaths = (
			);
			runOnlyForDeploymentPostprocessing = 0;
			shellPath = /bin/sh;
			shellScript = "\"${SRCROOT}/Pods/Target Support Files/Pods-Weibo_demoUITests/Pods-Weibo_demoUITests-frameworks.sh\"\n";
			showEnvVarsInLog = 0;
		};
		D8FEEAB46156AB299FDA2804 /* [CP] Check Pods Manifest.lock */ = {
			isa = PBXShellScriptBuildPhase;
			buildActionMask = 2147483647;
			files = (
			);
			inputPaths = (
				"${PODS_PODFILE_DIR_PATH}/Podfile.lock",
				"${PODS_ROOT}/Manifest.lock",
			);
			name = "[CP] Check Pods Manifest.lock";
			outputPaths = (
				"$(DERIVED_FILE_DIR)/Pods-Weibo_demoTests-checkManifestLockResult.txt",
			);
			runOnlyForDeploymentPostprocessing = 0;
			shellPath = /bin/sh;
			shellScript = "diff \"${PODS_PODFILE_DIR_PATH}/Podfile.lock\" \"${PODS_ROOT}/Manifest.lock\" > /dev/null\nif [ $? != 0 ] ; then\n    # print error to STDERR\n    echo \"error: The sandbox is not in sync with the Podfile.lock. Run 'pod install' or update your CocoaPods installation.\" >&2\n    exit 1\nfi\n# This output is used by Xcode 'outputs' to avoid re-running this script phase.\necho \"SUCCESS\" > \"${SCRIPT_OUTPUT_FILE_0}\"\n";
			showEnvVarsInLog = 0;
		};
		FF4D2E6D63016C3191E72216 /* [CP] Copy Pods Resources */ = {
			isa = PBXShellScriptBuildPhase;
			buildActionMask = 2147483647;
			files = (
			);
			inputPaths = (
			);
			name = "[CP] Copy Pods Resources";
			outputPaths = (
			);
			runOnlyForDeploymentPostprocessing = 0;
			shellPath = /bin/sh;
			shellScript = "\"${SRCROOT}/Pods/Target Support Files/Pods-Weibo_demo/Pods-Weibo_demo-resources.sh\"\n";
			showEnvVarsInLog = 0;
		};
/* End PBXShellScriptBuildPhase section */

/* Begin PBXSourcesBuildPhase section */
		690339B31FD98E2200A2F517 /* Sources */ = {
			isa = PBXSourcesBuildPhase;
			buildActionMask = 2147483647;
			files = (
				690339F71FD994BE00A2F517 /* WBBaseViewController.swift in Sources */,
				69033A301FE10E2600A2F517 /* Bundle+extension.swift in Sources */,
				69033A351FE2518700A2F517 /* UIBarButtonItem+Extension.swift in Sources */,
				69033A241FE0CB2E00A2F517 /* NSString+CZPath.m in Sources */,
				69033A2A1FE0CB2E00A2F517 /* NSAttributedString+CZAdditon.m in Sources */,
				690339FF1FD9956100A2F517 /* WBProfileViewController.swift in Sources */,
				69033A201FE0CB2E00A2F517 /* UIScreen+CZAddition.m in Sources */,
				69033A231FE0CB2E00A2F517 /* NSString+CZBase64.m in Sources */,
				69033A271FE0CB2E00A2F517 /* NSObject+CZRuntime.m in Sources */,
				690339FD1FD9955000A2F517 /* WBMessageViewController.swift in Sources */,
				690339F31FD9944D00A2F517 /* WBMainViewController.swift in Sources */,
				69033A281FE0CB2E00A2F517 /* UIViewController+CZAddition.m in Sources */,
				690339FB1FD9953E00A2F517 /* WBDiscoverViewController.swift in Sources */,
				690339F91FD9952E00A2F517 /* WBHomeViewController.swift in Sources */,
				69033A331FE1741F00A2F517 /* WBTestViewController.swift in Sources */,
				690339BB1FD98E2200A2F517 /* AppDelegate.swift in Sources */,
				69033A291FE0CB2E00A2F517 /* NSString+CZHash.m in Sources */,
				69033A221FE0CB2E00A2F517 /* UIImage+Extension.m in Sources */,
				690339F51FD9949500A2F517 /* WBNavigationController.swift in Sources */,
				69033A211FE0CB2E00A2F517 /* UILabel+CZAddition.m in Sources */,
				69033A2B1FE0CB2E00A2F517 /* NSArray+Log.m in Sources */,
				69033A261FE0CB2E00A2F517 /* UIButton+CZAddition.m in Sources */,
				69961FC01FE7F24900C3405F /* WBVisitorView.swift in Sources */,
				69033A1E1FE0CB2E00A2F517 /* UIColor+CZAddition.m in Sources */,
				69033A1F1FE0CB2E00A2F517 /* UIView+CZAddition.m in Sources */,
				69033A251FE0CB2E00A2F517 /* UIView+JKFrame.m in Sources */,
			);
			runOnlyForDeploymentPostprocessing = 0;
		};
		690339C71FD98E2200A2F517 /* Sources */ = {
			isa = PBXSourcesBuildPhase;
			buildActionMask = 2147483647;
			files = (
				690339D01FD98E2200A2F517 /* Weibo_demoTests.swift in Sources */,
			);
			runOnlyForDeploymentPostprocessing = 0;
		};
		690339D21FD98E2200A2F517 /* Sources */ = {
			isa = PBXSourcesBuildPhase;
			buildActionMask = 2147483647;
			files = (
				690339DB1FD98E2200A2F517 /* Weibo_demoUITests.swift in Sources */,
			);
			runOnlyForDeploymentPostprocessing = 0;
		};
/* End PBXSourcesBuildPhase section */

/* Begin PBXTargetDependency section */
		690339CD1FD98E2200A2F517 /* PBXTargetDependency */ = {
			isa = PBXTargetDependency;
			target = 690339B61FD98E2200A2F517 /* Weibo_demo */;
			targetProxy = 690339CC1FD98E2200A2F517 /* PBXContainerItemProxy */;
		};
		690339D81FD98E2200A2F517 /* PBXTargetDependency */ = {
			isa = PBXTargetDependency;
			target = 690339B61FD98E2200A2F517 /* Weibo_demo */;
			targetProxy = 690339D71FD98E2200A2F517 /* PBXContainerItemProxy */;
		};
/* End PBXTargetDependency section */

/* Begin PBXVariantGroup section */
		690339BE1FD98E2200A2F517 /* Main.storyboard */ = {
			isa = PBXVariantGroup;
			children = (
				690339BF1FD98E2200A2F517 /* Base */,
			);
			name = Main.storyboard;
			sourceTree = "<group>";
		};
		690339C31FD98E2200A2F517 /* LaunchScreen.storyboard */ = {
			isa = PBXVariantGroup;
			children = (
				690339C41FD98E2200A2F517 /* Base */,
			);
			name = LaunchScreen.storyboard;
			sourceTree = "<group>";
		};
/* End PBXVariantGroup section */

/* Begin XCBuildConfiguration section */
		690339DD1FD98E2200A2F517 /* Debug */ = {
			isa = XCBuildConfiguration;
			buildSettings = {
				ALWAYS_SEARCH_USER_PATHS = NO;
				CLANG_ANALYZER_NONNULL = YES;
				CLANG_ANALYZER_NUMBER_OBJECT_CONVERSION = YES_AGGRESSIVE;
				CLANG_CXX_LANGUAGE_STANDARD = "gnu++14";
				CLANG_CXX_LIBRARY = "libc++";
				CLANG_ENABLE_MODULES = YES;
				CLANG_ENABLE_OBJC_ARC = YES;
				CLANG_WARN_BLOCK_CAPTURE_AUTORELEASING = YES;
				CLANG_WARN_BOOL_CONVERSION = YES;
				CLANG_WARN_COMMA = YES;
				CLANG_WARN_CONSTANT_CONVERSION = YES;
				CLANG_WARN_DIRECT_OBJC_ISA_USAGE = YES_ERROR;
				CLANG_WARN_DOCUMENTATION_COMMENTS = YES;
				CLANG_WARN_EMPTY_BODY = YES;
				CLANG_WARN_ENUM_CONVERSION = YES;
				CLANG_WARN_INFINITE_RECURSION = YES;
				CLANG_WARN_INT_CONVERSION = YES;
				CLANG_WARN_NON_LITERAL_NULL_CONVERSION = YES;
				CLANG_WARN_OBJC_LITERAL_CONVERSION = YES;
				CLANG_WARN_OBJC_ROOT_CLASS = YES_ERROR;
				CLANG_WARN_RANGE_LOOP_ANALYSIS = YES;
				CLANG_WARN_STRICT_PROTOTYPES = YES;
				CLANG_WARN_SUSPICIOUS_MOVE = YES;
				CLANG_WARN_UNGUARDED_AVAILABILITY = YES_AGGRESSIVE;
				CLANG_WARN_UNREACHABLE_CODE = YES;
				CLANG_WARN__DUPLICATE_METHOD_MATCH = YES;
				CODE_SIGN_IDENTITY = "iPhone Developer";
				COPY_PHASE_STRIP = NO;
				DEBUG_INFORMATION_FORMAT = dwarf;
				ENABLE_STRICT_OBJC_MSGSEND = YES;
				ENABLE_TESTABILITY = YES;
				GCC_C_LANGUAGE_STANDARD = gnu11;
				GCC_DYNAMIC_NO_PIC = NO;
				GCC_NO_COMMON_BLOCKS = YES;
				GCC_OPTIMIZATION_LEVEL = 0;
				GCC_PREPROCESSOR_DEFINITIONS = (
					"DEBUG=1",
					"$(inherited)",
				);
				GCC_WARN_64_TO_32_BIT_CONVERSION = YES;
				GCC_WARN_ABOUT_RETURN_TYPE = YES_ERROR;
				GCC_WARN_UNDECLARED_SELECTOR = YES;
				GCC_WARN_UNINITIALIZED_AUTOS = YES_AGGRESSIVE;
				GCC_WARN_UNUSED_FUNCTION = YES;
				GCC_WARN_UNUSED_VARIABLE = YES;
				IPHONEOS_DEPLOYMENT_TARGET = 11.2;
				MTL_ENABLE_DEBUG_INFO = YES;
				ONLY_ACTIVE_ARCH = YES;
				SDKROOT = iphoneos;
				SWIFT_ACTIVE_COMPILATION_CONDITIONS = DEBUG;
				SWIFT_OPTIMIZATION_LEVEL = "-Onone";
			};
			name = Debug;
		};
		690339DE1FD98E2200A2F517 /* Release */ = {
			isa = XCBuildConfiguration;
			buildSettings = {
				ALWAYS_SEARCH_USER_PATHS = NO;
				CLANG_ANALYZER_NONNULL = YES;
				CLANG_ANALYZER_NUMBER_OBJECT_CONVERSION = YES_AGGRESSIVE;
				CLANG_CXX_LANGUAGE_STANDARD = "gnu++14";
				CLANG_CXX_LIBRARY = "libc++";
				CLANG_ENABLE_MODULES = YES;
				CLANG_ENABLE_OBJC_ARC = YES;
				CLANG_WARN_BLOCK_CAPTURE_AUTORELEASING = YES;
				CLANG_WARN_BOOL_CONVERSION = YES;
				CLANG_WARN_COMMA = YES;
				CLANG_WARN_CONSTANT_CONVERSION = YES;
				CLANG_WARN_DIRECT_OBJC_ISA_USAGE = YES_ERROR;
				CLANG_WARN_DOCUMENTATION_COMMENTS = YES;
				CLANG_WARN_EMPTY_BODY = YES;
				CLANG_WARN_ENUM_CONVERSION = YES;
				CLANG_WARN_INFINITE_RECURSION = YES;
				CLANG_WARN_INT_CONVERSION = YES;
				CLANG_WARN_NON_LITERAL_NULL_CONVERSION = YES;
				CLANG_WARN_OBJC_LITERAL_CONVERSION = YES;
				CLANG_WARN_OBJC_ROOT_CLASS = YES_ERROR;
				CLANG_WARN_RANGE_LOOP_ANALYSIS = YES;
				CLANG_WARN_STRICT_PROTOTYPES = YES;
				CLANG_WARN_SUSPICIOUS_MOVE = YES;
				CLANG_WARN_UNGUARDED_AVAILABILITY = YES_AGGRESSIVE;
				CLANG_WARN_UNREACHABLE_CODE = YES;
				CLANG_WARN__DUPLICATE_METHOD_MATCH = YES;
				CODE_SIGN_IDENTITY = "iPhone Developer";
				COPY_PHASE_STRIP = NO;
				DEBUG_INFORMATION_FORMAT = "dwarf-with-dsym";
				ENABLE_NS_ASSERTIONS = NO;
				ENABLE_STRICT_OBJC_MSGSEND = YES;
				GCC_C_LANGUAGE_STANDARD = gnu11;
				GCC_NO_COMMON_BLOCKS = YES;
				GCC_WARN_64_TO_32_BIT_CONVERSION = YES;
				GCC_WARN_ABOUT_RETURN_TYPE = YES_ERROR;
				GCC_WARN_UNDECLARED_SELECTOR = YES;
				GCC_WARN_UNINITIALIZED_AUTOS = YES_AGGRESSIVE;
				GCC_WARN_UNUSED_FUNCTION = YES;
				GCC_WARN_UNUSED_VARIABLE = YES;
				IPHONEOS_DEPLOYMENT_TARGET = 11.2;
				MTL_ENABLE_DEBUG_INFO = NO;
				SDKROOT = iphoneos;
				SWIFT_OPTIMIZATION_LEVEL = "-Owholemodule";
				VALIDATE_PRODUCT = YES;
			};
			name = Release;
		};
		690339E01FD98E2200A2F517 /* Debug */ = {
			isa = XCBuildConfiguration;
			baseConfigurationReference = 2E4CE1ED010D0EFD501C98F6 /* Pods-Weibo_demo.debug.xcconfig */;
			buildSettings = {
				ASSETCATALOG_COMPILER_APPICON_NAME = AppIcon;
				ASSETCATALOG_COMPILER_LAUNCHIMAGE_NAME = LaunchImage;
				CODE_SIGN_STYLE = Automatic;
				INFOPLIST_FILE = Weibo_demo/Info.plist;
				IPHONEOS_DEPLOYMENT_TARGET = 9.0;
				LD_RUNPATH_SEARCH_PATHS = "$(inherited) @executable_path/Frameworks";
				OTHER_LDFLAGS = (
					"-ObjC",
					"$(inherited)",
					"-framework",
					"\"AFNetworking\"",
					"-framework",
					"\"FMDB\"",
					"-framework",
					"\"SDWebImage\"",
					"-framework",
					"\"SVProgressHUD\"",
					"-framework",
					"\"YYModel\"",
					"-framework",
					"\"pop\"",
				);
				PRODUCT_BUNDLE_IDENTIFIER = "com.yanzhang.www.Weibo-demo";
				PRODUCT_NAME = "$(TARGET_NAME)";
				SWIFT_OBJC_BRIDGING_HEADER = "$(SRCROOT)/Weibo_demo/Weibo-Bridge.h";
				SWIFT_VERSION = 4.0;
				TARGETED_DEVICE_FAMILY = "1,2";
			};
			name = Debug;
		};
		690339E11FD98E2200A2F517 /* Release */ = {
			isa = XCBuildConfiguration;
			baseConfigurationReference = 0C71CCAECFD52E0EB93E0168 /* Pods-Weibo_demo.release.xcconfig */;
			buildSettings = {
				ASSETCATALOG_COMPILER_APPICON_NAME = AppIcon;
				ASSETCATALOG_COMPILER_LAUNCHIMAGE_NAME = LaunchImage;
				CODE_SIGN_STYLE = Automatic;
				INFOPLIST_FILE = Weibo_demo/Info.plist;
				IPHONEOS_DEPLOYMENT_TARGET = 9.0;
				LD_RUNPATH_SEARCH_PATHS = "$(inherited) @executable_path/Frameworks";
				OTHER_LDFLAGS = (
					"-ObjC",
					"$(inherited)",
					"-framework",
					"\"AFNetworking\"",
					"-framework",
					"\"FMDB\"",
					"-framework",
					"\"SDWebImage\"",
					"-framework",
					"\"SVProgressHUD\"",
					"-framework",
					"\"YYModel\"",
					"-framework",
					"\"pop\"",
				);
				PRODUCT_BUNDLE_IDENTIFIER = "com.yanzhang.www.Weibo-demo";
				PRODUCT_NAME = "$(TARGET_NAME)";
				SWIFT_OBJC_BRIDGING_HEADER = "$(SRCROOT)/Weibo_demo/Weibo-Bridge.h";
				SWIFT_VERSION = 4.0;
				TARGETED_DEVICE_FAMILY = "1,2";
			};
			name = Release;
		};
		690339E31FD98E2200A2F517 /* Debug */ = {
			isa = XCBuildConfiguration;
			baseConfigurationReference = A1451F61C95AA149131A1DC6 /* Pods-Weibo_demoTests.debug.xcconfig */;
			buildSettings = {
				ALWAYS_EMBED_SWIFT_STANDARD_LIBRARIES = YES;
				BUNDLE_LOADER = "$(TEST_HOST)";
				CODE_SIGN_STYLE = Automatic;
				INFOPLIST_FILE = Weibo_demoTests/Info.plist;
				LD_RUNPATH_SEARCH_PATHS = "$(inherited) @executable_path/Frameworks @loader_path/Frameworks";
				PRODUCT_BUNDLE_IDENTIFIER = "com.yanzhang.www.Weibo-demoTests";
				PRODUCT_NAME = "$(TARGET_NAME)";
				SWIFT_VERSION = 4.0;
				TARGETED_DEVICE_FAMILY = "1,2";
				TEST_HOST = "$(BUILT_PRODUCTS_DIR)/Weibo_demo.app/Weibo_demo";
			};
			name = Debug;
		};
		690339E41FD98E2200A2F517 /* Release */ = {
			isa = XCBuildConfiguration;
			baseConfigurationReference = B0F5594BB7E6E2472B91EB26 /* Pods-Weibo_demoTests.release.xcconfig */;
			buildSettings = {
				ALWAYS_EMBED_SWIFT_STANDARD_LIBRARIES = YES;
				BUNDLE_LOADER = "$(TEST_HOST)";
				CODE_SIGN_STYLE = Automatic;
				INFOPLIST_FILE = Weibo_demoTests/Info.plist;
				LD_RUNPATH_SEARCH_PATHS = "$(inherited) @executable_path/Frameworks @loader_path/Frameworks";
				PRODUCT_BUNDLE_IDENTIFIER = "com.yanzhang.www.Weibo-demoTests";
				PRODUCT_NAME = "$(TARGET_NAME)";
				SWIFT_VERSION = 4.0;
				TARGETED_DEVICE_FAMILY = "1,2";
				TEST_HOST = "$(BUILT_PRODUCTS_DIR)/Weibo_demo.app/Weibo_demo";
			};
			name = Release;
		};
		690339E61FD98E2200A2F517 /* Debug */ = {
			isa = XCBuildConfiguration;
			baseConfigurationReference = 19BF48798929DA560335ACA5 /* Pods-Weibo_demoUITests.debug.xcconfig */;
			buildSettings = {
				ALWAYS_EMBED_SWIFT_STANDARD_LIBRARIES = YES;
				CODE_SIGN_STYLE = Automatic;
				INFOPLIST_FILE = Weibo_demoUITests/Info.plist;
				LD_RUNPATH_SEARCH_PATHS = "$(inherited) @executable_path/Frameworks @loader_path/Frameworks";
				PRODUCT_BUNDLE_IDENTIFIER = "com.yanzhang.www.Weibo-demoUITests";
				PRODUCT_NAME = "$(TARGET_NAME)";
				SWIFT_VERSION = 4.0;
				TARGETED_DEVICE_FAMILY = "1,2";
				TEST_TARGET_NAME = Weibo_demo;
			};
			name = Debug;
		};
		690339E71FD98E2200A2F517 /* Release */ = {
			isa = XCBuildConfiguration;
			baseConfigurationReference = 12B83D83CA30A3FBD533E06F /* Pods-Weibo_demoUITests.release.xcconfig */;
			buildSettings = {
				ALWAYS_EMBED_SWIFT_STANDARD_LIBRARIES = YES;
				CODE_SIGN_STYLE = Automatic;
				INFOPLIST_FILE = Weibo_demoUITests/Info.plist;
				LD_RUNPATH_SEARCH_PATHS = "$(inherited) @executable_path/Frameworks @loader_path/Frameworks";
				PRODUCT_BUNDLE_IDENTIFIER = "com.yanzhang.www.Weibo-demoUITests";
				PRODUCT_NAME = "$(TARGET_NAME)";
				SWIFT_VERSION = 4.0;
				TARGETED_DEVICE_FAMILY = "1,2";
				TEST_TARGET_NAME = Weibo_demo;
			};
			name = Release;
		};
/* End XCBuildConfiguration section */

/* Begin XCConfigurationList section */
		690339B21FD98E2200A2F517 /* Build configuration list for PBXProject "Weibo_demo" */ = {
			isa = XCConfigurationList;
			buildConfigurations = (
				690339DD1FD98E2200A2F517 /* Debug */,
				690339DE1FD98E2200A2F517 /* Release */,
			);
			defaultConfigurationIsVisible = 0;
			defaultConfigurationName = Release;
		};
		690339DF1FD98E2200A2F517 /* Build configuration list for PBXNativeTarget "Weibo_demo" */ = {
			isa = XCConfigurationList;
			buildConfigurations = (
				690339E01FD98E2200A2F517 /* Debug */,
				690339E11FD98E2200A2F517 /* Release */,
			);
			defaultConfigurationIsVisible = 0;
			defaultConfigurationName = Release;
		};
		690339E21FD98E2200A2F517 /* Build configuration list for PBXNativeTarget "Weibo_demoTests" */ = {
			isa = XCConfigurationList;
			buildConfigurations = (
				690339E31FD98E2200A2F517 /* Debug */,
				690339E41FD98E2200A2F517 /* Release */,
			);
			defaultConfigurationIsVisible = 0;
			defaultConfigurationName = Release;
		};
		690339E51FD98E2200A2F517 /* Build configuration list for PBXNativeTarget "Weibo_demoUITests" */ = {
			isa = XCConfigurationList;
			buildConfigurations = (
				690339E61FD98E2200A2F517 /* Debug */,
				690339E71FD98E2200A2F517 /* Release */,
			);
			defaultConfigurationIsVisible = 0;
			defaultConfigurationName = Release;
		};
/* End XCConfigurationList section */
	};
	rootObject = 690339AF1FD98E2200A2F517 /* Project object */;
}
