// !$*UTF8*$!
{
	archiveVersion = 1;
	classes = {
	};
	objectVersion = 48;
	objects = {

/* Begin PBXBuildFile section */
		6915A5F71FD5772300BDC94E /* AppDelegate.swift in Sources */ = {isa = PBXBuildFile; fileRef = 6915A5F61FD5772300BDC94E /* AppDelegate.swift */; };
		6915A5F91FD5772300BDC94E /* ViewController.swift in Sources */ = {isa = PBXBuildFile; fileRef = 6915A5F81FD5772300BDC94E /* ViewController.swift */; };
		6915A5FC1FD5772300BDC94E /* Main.storyboard in Resources */ = {isa = PBXBuildFile; fileRef = 6915A5FA1FD5772300BDC94E /* Main.storyboard */; };
		6915A5FE1FD5772300BDC94E /* Assets.xcassets in Resources */ = {isa = PBXBuildFile; fileRef = 6915A5FD1FD5772300BDC94E /* Assets.xcassets */; };
		6915A6011FD5772300BDC94E /* LaunchScreen.storyboard in Resources */ = {isa = PBXBuildFile; fileRef = 6915A5FF1FD5772300BDC94E /* LaunchScreen.storyboard */; };
		6915A60C1FD5772300BDC94E /* load_baiduTests.swift in Sources */ = {isa = PBXBuildFile; fileRef = 6915A60B1FD5772300BDC94E /* load_baiduTests.swift */; };
		6915A6171FD5772300BDC94E /* load_baiduUITests.swift in Sources */ = {isa = PBXBuildFile; fileRef = 6915A6161FD5772300BDC94E /* load_baiduUITests.swift */; };
		6915A6251FD5898100BDC94E /* Person.swift in Sources */ = {isa = PBXBuildFile; fileRef = 6915A6241FD5898100BDC94E /* Person.swift */; };
/* End PBXBuildFile section */

/* Begin PBXContainerItemProxy section */
		6915A6081FD5772300BDC94E /* PBXContainerItemProxy */ = {
			isa = PBXContainerItemProxy;
			containerPortal = 6915A5EB1FD5772300BDC94E /* Project object */;
			proxyType = 1;
			remoteGlobalIDString = 6915A5F21FD5772300BDC94E;
			remoteInfo = load_baidu;
		};
		6915A6131FD5772300BDC94E /* PBXContainerItemProxy */ = {
			isa = PBXContainerItemProxy;
			containerPortal = 6915A5EB1FD5772300BDC94E /* Project object */;
			proxyType = 1;
			remoteGlobalIDString = 6915A5F21FD5772300BDC94E;
			remoteInfo = load_baidu;
		};
/* End PBXContainerItemProxy section */

/* Begin PBXFileReference section */
		6915A5F31FD5772300BDC94E /* load_baidu.app */ = {isa = PBXFileReference; explicitFileType = wrapper.application; includeInIndex = 0; path = load_baidu.app; sourceTree = BUILT_PRODUCTS_DIR; };
		6915A5F61FD5772300BDC94E /* AppDelegate.swift */ = {isa = PBXFileReference; lastKnownFileType = sourcecode.swift; path = AppDelegate.swift; sourceTree = "<group>"; };
		6915A5F81FD5772300BDC94E /* ViewController.swift */ = {isa = PBXFileReference; lastKnownFileType = sourcecode.swift; path = ViewController.swift; sourceTree = "<group>"; };
		6915A5FB1FD5772300BDC94E /* Base */ = {isa = PBXFileReference; lastKnownFileType = file.storyboard; name = Base; path = Base.lproj/Main.storyboard; sourceTree = "<group>"; };
		6915A5FD1FD5772300BDC94E /* Assets.xcassets */ = {isa = PBXFileReference; lastKnownFileType = folder.assetcatalog; path = Assets.xcassets; sourceTree = "<group>"; };
		6915A6001FD5772300BDC94E /* Base */ = {isa = PBXFileReference; lastKnownFileType = file.storyboard; name = Base; path = Base.lproj/LaunchScreen.storyboard; sourceTree = "<group>"; };
		6915A6021FD5772300BDC94E /* Info.plist */ = {isa = PBXFileReference; lastKnownFileType = text.plist.xml; path = Info.plist; sourceTree = "<group>"; };
		6915A6071FD5772300BDC94E /* load_baiduTests.xctest */ = {isa = PBXFileReference; explicitFileType = wrapper.cfbundle; includeInIndex = 0; path = load_baiduTests.xctest; sourceTree = BUILT_PRODUCTS_DIR; };
		6915A60B1FD5772300BDC94E /* load_baiduTests.swift */ = {isa = PBXFileReference; lastKnownFileType = sourcecode.swift; path = load_baiduTests.swift; sourceTree = "<group>"; };
		6915A60D1FD5772300BDC94E /* Info.plist */ = {isa = PBXFileReference; lastKnownFileType = text.plist.xml; path = Info.plist; sourceTree = "<group>"; };
		6915A6121FD5772300BDC94E /* load_baiduUITests.xctest */ = {isa = PBXFileReference; explicitFileType = wrapper.cfbundle; includeInIndex = 0; path = load_baiduUITests.xctest; sourceTree = BUILT_PRODUCTS_DIR; };
		6915A6161FD5772300BDC94E /* load_baiduUITests.swift */ = {isa = PBXFileReference; lastKnownFileType = sourcecode.swift; path = load_baiduUITests.swift; sourceTree = "<group>"; };
		6915A6181FD5772300BDC94E /* Info.plist */ = {isa = PBXFileReference; lastKnownFileType = text.plist.xml; path = Info.plist; sourceTree = "<group>"; };
		6915A6241FD5898100BDC94E /* Person.swift */ = {isa = PBXFileReference; lastKnownFileType = sourcecode.swift; path = Person.swift; sourceTree = "<group>"; };
/* End PBXFileReference section */

/* Begin PBXFrameworksBuildPhase section */
		6915A5F01FD5772300BDC94E /* Frameworks */ = {
			isa = PBXFrameworksBuildPhase;
			buildActionMask = 2147483647;
			files = (
			);
			runOnlyForDeploymentPostprocessing = 0;
		};
		6915A6041FD5772300BDC94E /* Frameworks */ = {
			isa = PBXFrameworksBuildPhase;
			buildActionMask = 2147483647;
			files = (
			);
			runOnlyForDeploymentPostprocessing = 0;
		};
		6915A60F1FD5772300BDC94E /* Frameworks */ = {
			isa = PBXFrameworksBuildPhase;
			buildActionMask = 2147483647;
			files = (
			);
			runOnlyForDeploymentPostprocessing = 0;
		};
/* End PBXFrameworksBuildPhase section */

/* Begin PBXGroup section */
		6915A5EA1FD5772300BDC94E = {
			isa = PBXGroup;
			children = (
				6915A5F51FD5772300BDC94E /* load_baidu */,
				6915A60A1FD5772300BDC94E /* load_baiduTests */,
				6915A6151FD5772300BDC94E /* load_baiduUITests */,
				6915A5F41FD5772300BDC94E /* Products */,
			);
			sourceTree = "<group>";
		};
		6915A5F41FD5772300BDC94E /* Products */ = {
			isa = PBXGroup;
			children = (
				6915A5F31FD5772300BDC94E /* load_baidu.app */,
				6915A6071FD5772300BDC94E /* load_baiduTests.xctest */,
				6915A6121FD5772300BDC94E /* load_baiduUITests.xctest */,
			);
			name = Products;
			sourceTree = "<group>";
		};
		6915A5F51FD5772300BDC94E /* load_baidu */ = {
			isa = PBXGroup;
			children = (
				6915A5F61FD5772300BDC94E /* AppDelegate.swift */,
				6915A5F81FD5772300BDC94E /* ViewController.swift */,
				6915A6241FD5898100BDC94E /* Person.swift */,
				6915A5FA1FD5772300BDC94E /* Main.storyboard */,
				6915A5FD1FD5772300BDC94E /* Assets.xcassets */,
				6915A5FF1FD5772300BDC94E /* LaunchScreen.storyboard */,
				6915A6021FD5772300BDC94E /* Info.plist */,
			);
			path = load_baidu;
			sourceTree = "<group>";
		};
		6915A60A1FD5772300BDC94E /* load_baiduTests */ = {
			isa = PBXGroup;
			children = (
				6915A60B1FD5772300BDC94E /* load_baiduTests.swift */,
				6915A60D1FD5772300BDC94E /* Info.plist */,
			);
			path = load_baiduTests;
			sourceTree = "<group>";
		};
		6915A6151FD5772300BDC94E /* load_baiduUITests */ = {
			isa = PBXGroup;
			children = (
				6915A6161FD5772300BDC94E /* load_baiduUITests.swift */,
				6915A6181FD5772300BDC94E /* Info.plist */,
			);
			path = load_baiduUITests;
			sourceTree = "<group>";
		};
/* End PBXGroup section */

/* Begin PBXNativeTarget section */
		6915A5F21FD5772300BDC94E /* load_baidu */ = {
			isa = PBXNativeTarget;
			buildConfigurationList = 6915A61B1FD5772300BDC94E /* Build configuration list for PBXNativeTarget "load_baidu" */;
			buildPhases = (
				6915A5EF1FD5772300BDC94E /* Sources */,
				6915A5F01FD5772300BDC94E /* Frameworks */,
				6915A5F11FD5772300BDC94E /* Resources */,
			);
			buildRules = (
			);
			dependencies = (
			);
			name = load_baidu;
			productName = load_baidu;
			productReference = 6915A5F31FD5772300BDC94E /* load_baidu.app */;
			productType = "com.apple.product-type.application";
		};
		6915A6061FD5772300BDC94E /* load_baiduTests */ = {
			isa = PBXNativeTarget;
			buildConfigurationList = 6915A61E1FD5772300BDC94E /* Build configuration list for PBXNativeTarget "load_baiduTests" */;
			buildPhases = (
				6915A6031FD5772300BDC94E /* Sources */,
				6915A6041FD5772300BDC94E /* Frameworks */,
				6915A6051FD5772300BDC94E /* Resources */,
			);
			buildRules = (
			);
			dependencies = (
				6915A6091FD5772300BDC94E /* PBXTargetDependency */,
			);
			name = load_baiduTests;
			productName = load_baiduTests;
			productReference = 6915A6071FD5772300BDC94E /* load_baiduTests.xctest */;
			productType = "com.apple.product-type.bundle.unit-test";
		};
		6915A6111FD5772300BDC94E /* load_baiduUITests */ = {
			isa = PBXNativeTarget;
			buildConfigurationList = 6915A6211FD5772300BDC94E /* Build configuration list for PBXNativeTarget "load_baiduUITests" */;
			buildPhases = (
				6915A60E1FD5772300BDC94E /* Sources */,
				6915A60F1FD5772300BDC94E /* Frameworks */,
				6915A6101FD5772300BDC94E /* Resources */,
			);
			buildRules = (
			);
			dependencies = (
				6915A6141FD5772300BDC94E /* PBXTargetDependency */,
			);
			name = load_baiduUITests;
			productName = load_baiduUITests;
			productReference = 6915A6121FD5772300BDC94E /* load_baiduUITests.xctest */;
			productType = "com.apple.product-type.bundle.ui-testing";
		};
/* End PBXNativeTarget section */

/* Begin PBXProject section */
		6915A5EB1FD5772300BDC94E /* Project object */ = {
			isa = PBXProject;
			attributes = {
				LastSwiftUpdateCheck = 0910;
				LastUpgradeCheck = 0910;
				ORGANIZATIONNAME = toxicanty;
				TargetAttributes = {
					6915A5F21FD5772300BDC94E = {
						CreatedOnToolsVersion = 9.1;
						ProvisioningStyle = Automatic;
					};
					6915A6061FD5772300BDC94E = {
						CreatedOnToolsVersion = 9.1;
						ProvisioningStyle = Automatic;
						TestTargetID = 6915A5F21FD5772300BDC94E;
					};
					6915A6111FD5772300BDC94E = {
						CreatedOnToolsVersion = 9.1;
						ProvisioningStyle = Automatic;
						TestTargetID = 6915A5F21FD5772300BDC94E;
					};
				};
			};
			buildConfigurationList = 6915A5EE1FD5772300BDC94E /* Build configuration list for PBXProject "load_baidu" */;
			compatibilityVersion = "Xcode 8.0";
			developmentRegion = en;
			hasScannedForEncodings = 0;
			knownRegions = (
				en,
				Base,
			);
			mainGroup = 6915A5EA1FD5772300BDC94E;
			productRefGroup = 6915A5F41FD5772300BDC94E /* Products */;
			projectDirPath = "";
			projectRoot = "";
			targets = (
				6915A5F21FD5772300BDC94E /* load_baidu */,
				6915A6061FD5772300BDC94E /* load_baiduTests */,
				6915A6111FD5772300BDC94E /* load_baiduUITests */,
			);
		};
/* End PBXProject section */

/* Begin PBXResourcesBuildPhase section */
		6915A5F11FD5772300BDC94E /* Resources */ = {
			isa = PBXResourcesBuildPhase;
			buildActionMask = 2147483647;
			files = (
				6915A6011FD5772300BDC94E /* LaunchScreen.storyboard in Resources */,
				6915A5FE1FD5772300BDC94E /* Assets.xcassets in Resources */,
				6915A5FC1FD5772300BDC94E /* Main.storyboard in Resources */,
			);
			runOnlyForDeploymentPostprocessing = 0;
		};
		6915A6051FD5772300BDC94E /* Resources */ = {
			isa = PBXResourcesBuildPhase;
			buildActionMask = 2147483647;
			files = (
			);
			runOnlyForDeploymentPostprocessing = 0;
		};
		6915A6101FD5772300BDC94E /* Resources */ = {
			isa = PBXResourcesBuildPhase;
			buildActionMask = 2147483647;
			files = (
			);
			runOnlyForDeploymentPostprocessing = 0;
		};
/* End PBXResourcesBuildPhase section */

/* Begin PBXSourcesBuildPhase section */
		6915A5EF1FD5772300BDC94E /* Sources */ = {
			isa = PBXSourcesBuildPhase;
			buildActionMask = 2147483647;
			files = (
				6915A6251FD5898100BDC94E /* Person.swift in Sources */,
				6915A5F91FD5772300BDC94E /* ViewController.swift in Sources */,
				6915A5F71FD5772300BDC94E /* AppDelegate.swift in Sources */,
			);
			runOnlyForDeploymentPostprocessing = 0;
		};
		6915A6031FD5772300BDC94E /* Sources */ = {
			isa = PBXSourcesBuildPhase;
			buildActionMask = 2147483647;
			files = (
				6915A60C1FD5772300BDC94E /* load_baiduTests.swift in Sources */,
			);
			runOnlyForDeploymentPostprocessing = 0;
		};
		6915A60E1FD5772300BDC94E /* Sources */ = {
			isa = PBXSourcesBuildPhase;
			buildActionMask = 2147483647;
			files = (
				6915A6171FD5772300BDC94E /* load_baiduUITests.swift in Sources */,
			);
			runOnlyForDeploymentPostprocessing = 0;
		};
/* End PBXSourcesBuildPhase section */

/* Begin PBXTargetDependency section */
		6915A6091FD5772300BDC94E /* PBXTargetDependency */ = {
			isa = PBXTargetDependency;
			target = 6915A5F21FD5772300BDC94E /* load_baidu */;
			targetProxy = 6915A6081FD5772300BDC94E /* PBXContainerItemProxy */;
		};
		6915A6141FD5772300BDC94E /* PBXTargetDependency */ = {
			isa = PBXTargetDependency;
			target = 6915A5F21FD5772300BDC94E /* load_baidu */;
			targetProxy = 6915A6131FD5772300BDC94E /* PBXContainerItemProxy */;
		};
/* End PBXTargetDependency section */

/* Begin PBXVariantGroup section */
		6915A5FA1FD5772300BDC94E /* Main.storyboard */ = {
			isa = PBXVariantGroup;
			children = (
				6915A5FB1FD5772300BDC94E /* Base */,
			);
			name = Main.storyboard;
			sourceTree = "<group>";
		};
		6915A5FF1FD5772300BDC94E /* LaunchScreen.storyboard */ = {
			isa = PBXVariantGroup;
			children = (
				6915A6001FD5772300BDC94E /* Base */,
			);
			name = LaunchScreen.storyboard;
			sourceTree = "<group>";
		};
/* End PBXVariantGroup section */

/* Begin XCBuildConfiguration section */
		6915A6191FD5772300BDC94E /* Debug */ = {
			isa = XCBuildConfiguration;
			buildSettings = {
				ALWAYS_SEARCH_USER_PATHS = NO;
				CLANG_ANALYZER_NONNULL = YES;
				CLANG_ANALYZER_NUMBER_OBJECT_CONVERSION = YES_AGGRESSIVE;
				CLANG_CXX_LANGUAGE_STANDARD = "gnu++14";
				CLANG_CXX_LIBRARY = "libc++";
				CLANG_ENABLE_MODULES = YES;
				CLANG_ENABLE_OBJC_ARC = YES;
				CLANG_WARN_BLOCK_CAPTURE_AUTORELEASING = YES;
				CLANG_WARN_BOOL_CONVERSION = YES;
				CLANG_WARN_COMMA = YES;
				CLANG_WARN_CONSTANT_CONVERSION = YES;
				CLANG_WARN_DIRECT_OBJC_ISA_USAGE = YES_ERROR;
				CLANG_WARN_DOCUMENTATION_COMMENTS = YES;
				CLANG_WARN_EMPTY_BODY = YES;
				CLANG_WARN_ENUM_CONVERSION = YES;
				CLANG_WARN_INFINITE_RECURSION = YES;
				CLANG_WARN_INT_CONVERSION = YES;
				CLANG_WARN_NON_LITERAL_NULL_CONVERSION = YES;
				CLANG_WARN_OBJC_LITERAL_CONVERSION = YES;
				CLANG_WARN_OBJC_ROOT_CLASS = YES_ERROR;
				CLANG_WARN_RANGE_LOOP_ANALYSIS = YES;
				CLANG_WARN_STRICT_PROTOTYPES = YES;
				CLANG_WARN_SUSPICIOUS_MOVE = YES;
				CLANG_WARN_UNGUARDED_AVAILABILITY = YES_AGGRESSIVE;
				CLANG_WARN_UNREACHABLE_CODE = YES;
				CLANG_WARN__DUPLICATE_METHOD_MATCH = YES;
				CODE_SIGN_IDENTITY = "iPhone Developer";
				COPY_PHASE_STRIP = NO;
				DEBUG_INFORMATION_FORMAT = dwarf;
				ENABLE_STRICT_OBJC_MSGSEND = YES;
				ENABLE_TESTABILITY = YES;
				GCC_C_LANGUAGE_STANDARD = gnu11;
				GCC_DYNAMIC_NO_PIC = NO;
				GCC_NO_COMMON_BLOCKS = YES;
				GCC_OPTIMIZATION_LEVEL = 0;
				GCC_PREPROCESSOR_DEFINITIONS = (
					"DEBUG=1",
					"$(inherited)",
				);
				GCC_WARN_64_TO_32_BIT_CONVERSION = YES;
				GCC_WARN_ABOUT_RETURN_TYPE = YES_ERROR;
				GCC_WARN_UNDECLARED_SELECTOR = YES;
				GCC_WARN_UNINITIALIZED_AUTOS = YES_AGGRESSIVE;
				GCC_WARN_UNUSED_FUNCTION = YES;
				GCC_WARN_UNUSED_VARIABLE = YES;
				IPHONEOS_DEPLOYMENT_TARGET = 11.1;
				MTL_ENABLE_DEBUG_INFO = YES;
				ONLY_ACTIVE_ARCH = YES;
				SDKROOT = iphoneos;
				SWIFT_ACTIVE_COMPILATION_CONDITIONS = DEBUG;
				SWIFT_OPTIMIZATION_LEVEL = "-Onone";
			};
			name = Debug;
		};
		6915A61A1FD5772300BDC94E /* Release */ = {
			isa = XCBuildConfiguration;
			buildSettings = {
				ALWAYS_SEARCH_USER_PATHS = NO;
				CLANG_ANALYZER_NONNULL = YES;
				CLANG_ANALYZER_NUMBER_OBJECT_CONVERSION = YES_AGGRESSIVE;
				CLANG_CXX_LANGUAGE_STANDARD = "gnu++14";
				CLANG_CXX_LIBRARY = "libc++";
				CLANG_ENABLE_MODULES = YES;
				CLANG_ENABLE_OBJC_ARC = YES;
				CLANG_WARN_BLOCK_CAPTURE_AUTORELEASING = YES;
				CLANG_WARN_BOOL_CONVERSION = YES;
				CLANG_WARN_COMMA = YES;
				CLANG_WARN_CONSTANT_CONVERSION = YES;
				CLANG_WARN_DIRECT_OBJC_ISA_USAGE = YES_ERROR;
				CLANG_WARN_DOCUMENTATION_COMMENTS = YES;
				CLANG_WARN_EMPTY_BODY = YES;
				CLANG_WARN_ENUM_CONVERSION = YES;
				CLANG_WARN_INFINITE_RECURSION = YES;
				CLANG_WARN_INT_CONVERSION = YES;
				CLANG_WARN_NON_LITERAL_NULL_CONVERSION = YES;
				CLANG_WARN_OBJC_LITERAL_CONVERSION = YES;
				CLANG_WARN_OBJC_ROOT_CLASS = YES_ERROR;
				CLANG_WARN_RANGE_LOOP_ANALYSIS = YES;
				CLANG_WARN_STRICT_PROTOTYPES = YES;
				CLANG_WARN_SUSPICIOUS_MOVE = YES;
				CLANG_WARN_UNGUARDED_AVAILABILITY = YES_AGGRESSIVE;
				CLANG_WARN_UNREACHABLE_CODE = YES;
				CLANG_WARN__DUPLICATE_METHOD_MATCH = YES;
				CODE_SIGN_IDENTITY = "iPhone Developer";
				COPY_PHASE_STRIP = NO;
				DEBUG_INFORMATION_FORMAT = "dwarf-with-dsym";
				ENABLE_NS_ASSERTIONS = NO;
				ENABLE_STRICT_OBJC_MSGSEND = YES;
				GCC_C_LANGUAGE_STANDARD = gnu11;
				GCC_NO_COMMON_BLOCKS = YES;
				GCC_WARN_64_TO_32_BIT_CONVERSION = YES;
				GCC_WARN_ABOUT_RETURN_TYPE = YES_ERROR;
				GCC_WARN_UNDECLARED_SELECTOR = YES;
				GCC_WARN_UNINITIALIZED_AUTOS = YES_AGGRESSIVE;
				GCC_WARN_UNUSED_FUNCTION = YES;
				GCC_WARN_UNUSED_VARIABLE = YES;
				IPHONEOS_DEPLOYMENT_TARGET = 11.1;
				MTL_ENABLE_DEBUG_INFO = NO;
				SDKROOT = iphoneos;
				SWIFT_OPTIMIZATION_LEVEL = "-Owholemodule";
				VALIDATE_PRODUCT = YES;
			};
			name = Release;
		};
		6915A61C1FD5772300BDC94E /* Debug */ = {
			isa = XCBuildConfiguration;
			buildSettings = {
				ASSETCATALOG_COMPILER_APPICON_NAME = AppIcon;
				CODE_SIGN_STYLE = Automatic;
				INFOPLIST_FILE = load_baidu/Info.plist;
				LD_RUNPATH_SEARCH_PATHS = "$(inherited) @executable_path/Frameworks";
				PRODUCT_BUNDLE_IDENTIFIER = "com.yanzhang.www.load-baidu";
				PRODUCT_NAME = "$(TARGET_NAME)";
				SWIFT_VERSION = 4.0;
				TARGETED_DEVICE_FAMILY = "1,2";
			};
			name = Debug;
		};
		6915A61D1FD5772300BDC94E /* Release */ = {
			isa = XCBuildConfiguration;
			buildSettings = {
				ASSETCATALOG_COMPILER_APPICON_NAME = AppIcon;
				CODE_SIGN_STYLE = Automatic;
				INFOPLIST_FILE = load_baidu/Info.plist;
				LD_RUNPATH_SEARCH_PATHS = "$(inherited) @executable_path/Frameworks";
				PRODUCT_BUNDLE_IDENTIFIER = "com.yanzhang.www.load-baidu";
				PRODUCT_NAME = "$(TARGET_NAME)";
				SWIFT_VERSION = 4.0;
				TARGETED_DEVICE_FAMILY = "1,2";
			};
			name = Release;
		};
		6915A61F1FD5772300BDC94E /* Debug */ = {
			isa = XCBuildConfiguration;
			buildSettings = {
				ALWAYS_EMBED_SWIFT_STANDARD_LIBRARIES = YES;
				BUNDLE_LOADER = "$(TEST_HOST)";
				CODE_SIGN_STYLE = Automatic;
				INFOPLIST_FILE = load_baiduTests/Info.plist;
				LD_RUNPATH_SEARCH_PATHS = "$(inherited) @executable_path/Frameworks @loader_path/Frameworks";
				PRODUCT_BUNDLE_IDENTIFIER = "com.yanzhang.www.load-baiduTests";
				PRODUCT_NAME = "$(TARGET_NAME)";
				SWIFT_VERSION = 4.0;
				TARGETED_DEVICE_FAMILY = "1,2";
				TEST_HOST = "$(BUILT_PRODUCTS_DIR)/load_baidu.app/load_baidu";
			};
			name = Debug;
		};
		6915A6201FD5772300BDC94E /* Release */ = {
			isa = XCBuildConfiguration;
			buildSettings = {
				ALWAYS_EMBED_SWIFT_STANDARD_LIBRARIES = YES;
				BUNDLE_LOADER = "$(TEST_HOST)";
				CODE_SIGN_STYLE = Automatic;
				INFOPLIST_FILE = load_baiduTests/Info.plist;
				LD_RUNPATH_SEARCH_PATHS = "$(inherited) @executable_path/Frameworks @loader_path/Frameworks";
				PRODUCT_BUNDLE_IDENTIFIER = "com.yanzhang.www.load-baiduTests";
				PRODUCT_NAME = "$(TARGET_NAME)";
				SWIFT_VERSION = 4.0;
				TARGETED_DEVICE_FAMILY = "1,2";
				TEST_HOST = "$(BUILT_PRODUCTS_DIR)/load_baidu.app/load_baidu";
			};
			name = Release;
		};
		6915A6221FD5772300BDC94E /* Debug */ = {
			isa = XCBuildConfiguration;
			buildSettings = {
				ALWAYS_EMBED_SWIFT_STANDARD_LIBRARIES = YES;
				CODE_SIGN_STYLE = Automatic;
				INFOPLIST_FILE = load_baiduUITests/Info.plist;
				LD_RUNPATH_SEARCH_PATHS = "$(inherited) @executable_path/Frameworks @loader_path/Frameworks";
				PRODUCT_BUNDLE_IDENTIFIER = "com.yanzhang.www.load-baiduUITests";
				PRODUCT_NAME = "$(TARGET_NAME)";
				SWIFT_VERSION = 4.0;
				TARGETED_DEVICE_FAMILY = "1,2";
				TEST_TARGET_NAME = load_baidu;
			};
			name = Debug;
		};
		6915A6231FD5772300BDC94E /* Release */ = {
			isa = XCBuildConfiguration;
			buildSettings = {
				ALWAYS_EMBED_SWIFT_STANDARD_LIBRARIES = YES;
				CODE_SIGN_STYLE = Automatic;
				INFOPLIST_FILE = load_baiduUITests/Info.plist;
				LD_RUNPATH_SEARCH_PATHS = "$(inherited) @executable_path/Frameworks @loader_path/Frameworks";
				PRODUCT_BUNDLE_IDENTIFIER = "com.yanzhang.www.load-baiduUITests";
				PRODUCT_NAME = "$(TARGET_NAME)";
				SWIFT_VERSION = 4.0;
				TARGETED_DEVICE_FAMILY = "1,2";
				TEST_TARGET_NAME = load_baidu;
			};
			name = Release;
		};
/* End XCBuildConfiguration section */

/* Begin XCConfigurationList section */
		6915A5EE1FD5772300BDC94E /* Build configuration list for PBXProject "load_baidu" */ = {
			isa = XCConfigurationList;
			buildConfigurations = (
				6915A6191FD5772300BDC94E /* Debug */,
				6915A61A1FD5772300BDC94E /* Release */,
			);
			defaultConfigurationIsVisible = 0;
			defaultConfigurationName = Release;
		};
		6915A61B1FD5772300BDC94E /* Build configuration list for PBXNativeTarget "load_baidu" */ = {
			isa = XCConfigurationList;
			buildConfigurations = (
				6915A61C1FD5772300BDC94E /* Debug */,
				6915A61D1FD5772300BDC94E /* Release */,
			);
			defaultConfigurationIsVisible = 0;
			defaultConfigurationName = Release;
		};
		6915A61E1FD5772300BDC94E /* Build configuration list for PBXNativeTarget "load_baiduTests" */ = {
			isa = XCConfigurationList;
			buildConfigurations = (
				6915A61F1FD5772300BDC94E /* Debug */,
				6915A6201FD5772300BDC94E /* Release */,
			);
			defaultConfigurationIsVisible = 0;
			defaultConfigurationName = Release;
		};
		6915A6211FD5772300BDC94E /* Build configuration list for PBXNativeTarget "load_baiduUITests" */ = {
			isa = XCConfigurationList;
			buildConfigurations = (
				6915A6221FD5772300BDC94E /* Debug */,
				6915A6231FD5772300BDC94E /* Release */,
			);
			defaultConfigurationIsVisible = 0;
			defaultConfigurationName = Release;
		};
/* End XCConfigurationList section */
	};
	rootObject = 6915A5EB1FD5772300BDC94E /* Project object */;
}
