// !$*UTF8*$!
{
	archiveVersion = 1;
	classes = {
	};
	objectVersion = 48;
	objects = {

/* Begin PBXBuildFile section */
		690339341FD94E5800A2F517 /* Bundle+extension.swift in Sources */ = {isa = PBXBuildFile; fileRef = 690339331FD94E5800A2F517 /* Bundle+extension.swift */; };
		690339371FD95BC500A2F517 /* UIKit.framework in Frameworks */ = {isa = PBXBuildFile; fileRef = 690339361FD95BC500A2F517 /* UIKit.framework */; };
		690339391FD95EFF00A2F517 /* TableViewController.swift in Sources */ = {isa = PBXBuildFile; fileRef = 690339381FD95EFF00A2F517 /* TableViewController.swift */; };
		6934F5C61FD9319100C8F530 /* AppDelegate.swift in Sources */ = {isa = PBXBuildFile; fileRef = 6934F5C51FD9319100C8F530 /* AppDelegate.swift */; };
		6934F5C81FD9319100C8F530 /* ViewController.swift in Sources */ = {isa = PBXBuildFile; fileRef = 6934F5C71FD9319100C8F530 /* ViewController.swift */; };
		6934F5CB1FD9319100C8F530 /* Main.storyboard in Resources */ = {isa = PBXBuildFile; fileRef = 6934F5C91FD9319100C8F530 /* Main.storyboard */; };
		6934F5CD1FD9319100C8F530 /* Assets.xcassets in Resources */ = {isa = PBXBuildFile; fileRef = 6934F5CC1FD9319100C8F530 /* Assets.xcassets */; };
		6934F5D01FD9319100C8F530 /* LaunchScreen.storyboard in Resources */ = {isa = PBXBuildFile; fileRef = 6934F5CE1FD9319100C8F530 /* LaunchScreen.storyboard */; };
		6934F5DB1FD9319200C8F530 /* reactionTestDemoTests.swift in Sources */ = {isa = PBXBuildFile; fileRef = 6934F5DA1FD9319200C8F530 /* reactionTestDemoTests.swift */; };
		6934F5E61FD9319200C8F530 /* reactionTestDemoUITests.swift in Sources */ = {isa = PBXBuildFile; fileRef = 6934F5E51FD9319200C8F530 /* reactionTestDemoUITests.swift */; };
/* End PBXBuildFile section */

/* Begin PBXContainerItemProxy section */
		6934F5D71FD9319200C8F530 /* PBXContainerItemProxy */ = {
			isa = PBXContainerItemProxy;
			containerPortal = 6934F5BA1FD9319100C8F530 /* Project object */;
			proxyType = 1;
			remoteGlobalIDString = 6934F5C11FD9319100C8F530;
			remoteInfo = reactionTestDemo;
		};
		6934F5E21FD9319200C8F530 /* PBXContainerItemProxy */ = {
			isa = PBXContainerItemProxy;
			containerPortal = 6934F5BA1FD9319100C8F530 /* Project object */;
			proxyType = 1;
			remoteGlobalIDString = 6934F5C11FD9319100C8F530;
			remoteInfo = reactionTestDemo;
		};
/* End PBXContainerItemProxy section */

/* Begin PBXFileReference section */
		690339331FD94E5800A2F517 /* Bundle+extension.swift */ = {isa = PBXFileReference; lastKnownFileType = sourcecode.swift; path = "Bundle+extension.swift"; sourceTree = "<group>"; };
		690339361FD95BC500A2F517 /* UIKit.framework */ = {isa = PBXFileReference; lastKnownFileType = wrapper.framework; name = UIKit.framework; path = System/Library/Frameworks/UIKit.framework; sourceTree = SDKROOT; };
		690339381FD95EFF00A2F517 /* TableViewController.swift */ = {isa = PBXFileReference; lastKnownFileType = sourcecode.swift; path = TableViewController.swift; sourceTree = "<group>"; };
		6934F5C21FD9319100C8F530 /* reactionTestDemo.app */ = {isa = PBXFileReference; explicitFileType = wrapper.application; includeInIndex = 0; path = reactionTestDemo.app; sourceTree = BUILT_PRODUCTS_DIR; };
		6934F5C51FD9319100C8F530 /* AppDelegate.swift */ = {isa = PBXFileReference; lastKnownFileType = sourcecode.swift; path = AppDelegate.swift; sourceTree = "<group>"; };
		6934F5C71FD9319100C8F530 /* ViewController.swift */ = {isa = PBXFileReference; lastKnownFileType = sourcecode.swift; path = ViewController.swift; sourceTree = "<group>"; };
		6934F5CA1FD9319100C8F530 /* Base */ = {isa = PBXFileReference; lastKnownFileType = file.storyboard; name = Base; path = Base.lproj/Main.storyboard; sourceTree = "<group>"; };
		6934F5CC1FD9319100C8F530 /* Assets.xcassets */ = {isa = PBXFileReference; lastKnownFileType = folder.assetcatalog; path = Assets.xcassets; sourceTree = "<group>"; };
		6934F5CF1FD9319100C8F530 /* Base */ = {isa = PBXFileReference; lastKnownFileType = file.storyboard; name = Base; path = Base.lproj/LaunchScreen.storyboard; sourceTree = "<group>"; };
		6934F5D11FD9319200C8F530 /* Info.plist */ = {isa = PBXFileReference; lastKnownFileType = text.plist.xml; path = Info.plist; sourceTree = "<group>"; };
		6934F5D61FD9319200C8F530 /* reactionTestDemoTests.xctest */ = {isa = PBXFileReference; explicitFileType = wrapper.cfbundle; includeInIndex = 0; path = reactionTestDemoTests.xctest; sourceTree = BUILT_PRODUCTS_DIR; };
		6934F5DA1FD9319200C8F530 /* reactionTestDemoTests.swift */ = {isa = PBXFileReference; lastKnownFileType = sourcecode.swift; path = reactionTestDemoTests.swift; sourceTree = "<group>"; };
		6934F5DC1FD9319200C8F530 /* Info.plist */ = {isa = PBXFileReference; lastKnownFileType = text.plist.xml; path = Info.plist; sourceTree = "<group>"; };
		6934F5E11FD9319200C8F530 /* reactionTestDemoUITests.xctest */ = {isa = PBXFileReference; explicitFileType = wrapper.cfbundle; includeInIndex = 0; path = reactionTestDemoUITests.xctest; sourceTree = BUILT_PRODUCTS_DIR; };
		6934F5E51FD9319200C8F530 /* reactionTestDemoUITests.swift */ = {isa = PBXFileReference; lastKnownFileType = sourcecode.swift; path = reactionTestDemoUITests.swift; sourceTree = "<group>"; };
		6934F5E71FD9319200C8F530 /* Info.plist */ = {isa = PBXFileReference; lastKnownFileType = text.plist.xml; path = Info.plist; sourceTree = "<group>"; };
/* End PBXFileReference section */

/* Begin PBXFrameworksBuildPhase section */
		6934F5BF1FD9319100C8F530 /* Frameworks */ = {
			isa = PBXFrameworksBuildPhase;
			buildActionMask = 2147483647;
			files = (
				690339371FD95BC500A2F517 /* UIKit.framework in Frameworks */,
			);
			runOnlyForDeploymentPostprocessing = 0;
		};
		6934F5D31FD9319200C8F530 /* Frameworks */ = {
			isa = PBXFrameworksBuildPhase;
			buildActionMask = 2147483647;
			files = (
			);
			runOnlyForDeploymentPostprocessing = 0;
		};
		6934F5DE1FD9319200C8F530 /* Frameworks */ = {
			isa = PBXFrameworksBuildPhase;
			buildActionMask = 2147483647;
			files = (
			);
			runOnlyForDeploymentPostprocessing = 0;
		};
/* End PBXFrameworksBuildPhase section */

/* Begin PBXGroup section */
		690339351FD95BC500A2F517 /* Frameworks */ = {
			isa = PBXGroup;
			children = (
				690339361FD95BC500A2F517 /* UIKit.framework */,
			);
			name = Frameworks;
			sourceTree = "<group>";
		};
		6934F5B91FD9319100C8F530 = {
			isa = PBXGroup;
			children = (
				6934F5C41FD9319100C8F530 /* reactionTestDemo */,
				6934F5D91FD9319200C8F530 /* reactionTestDemoTests */,
				6934F5E41FD9319200C8F530 /* reactionTestDemoUITests */,
				6934F5C31FD9319100C8F530 /* Products */,
				690339351FD95BC500A2F517 /* Frameworks */,
			);
			sourceTree = "<group>";
		};
		6934F5C31FD9319100C8F530 /* Products */ = {
			isa = PBXGroup;
			children = (
				6934F5C21FD9319100C8F530 /* reactionTestDemo.app */,
				6934F5D61FD9319200C8F530 /* reactionTestDemoTests.xctest */,
				6934F5E11FD9319200C8F530 /* reactionTestDemoUITests.xctest */,
			);
			name = Products;
			sourceTree = "<group>";
		};
		6934F5C41FD9319100C8F530 /* reactionTestDemo */ = {
			isa = PBXGroup;
			children = (
				6934F5C51FD9319100C8F530 /* AppDelegate.swift */,
				6934F5C71FD9319100C8F530 /* ViewController.swift */,
				690339331FD94E5800A2F517 /* Bundle+extension.swift */,
				6934F5C91FD9319100C8F530 /* Main.storyboard */,
				6934F5CC1FD9319100C8F530 /* Assets.xcassets */,
				6934F5CE1FD9319100C8F530 /* LaunchScreen.storyboard */,
				6934F5D11FD9319200C8F530 /* Info.plist */,
				690339381FD95EFF00A2F517 /* TableViewController.swift */,
			);
			path = reactionTestDemo;
			sourceTree = "<group>";
		};
		6934F5D91FD9319200C8F530 /* reactionTestDemoTests */ = {
			isa = PBXGroup;
			children = (
				6934F5DA1FD9319200C8F530 /* reactionTestDemoTests.swift */,
				6934F5DC1FD9319200C8F530 /* Info.plist */,
			);
			path = reactionTestDemoTests;
			sourceTree = "<group>";
		};
		6934F5E41FD9319200C8F530 /* reactionTestDemoUITests */ = {
			isa = PBXGroup;
			children = (
				6934F5E51FD9319200C8F530 /* reactionTestDemoUITests.swift */,
				6934F5E71FD9319200C8F530 /* Info.plist */,
			);
			path = reactionTestDemoUITests;
			sourceTree = "<group>";
		};
/* End PBXGroup section */

/* Begin PBXNativeTarget section */
		6934F5C11FD9319100C8F530 /* reactionTestDemo */ = {
			isa = PBXNativeTarget;
			buildConfigurationList = 6934F5EA1FD9319200C8F530 /* Build configuration list for PBXNativeTarget "reactionTestDemo" */;
			buildPhases = (
				6934F5BE1FD9319100C8F530 /* Sources */,
				6934F5BF1FD9319100C8F530 /* Frameworks */,
				6934F5C01FD9319100C8F530 /* Resources */,
			);
			buildRules = (
			);
			dependencies = (
			);
			name = reactionTestDemo;
			productName = reactionTestDemo;
			productReference = 6934F5C21FD9319100C8F530 /* reactionTestDemo.app */;
			productType = "com.apple.product-type.application";
		};
		6934F5D51FD9319200C8F530 /* reactionTestDemoTests */ = {
			isa = PBXNativeTarget;
			buildConfigurationList = 6934F5ED1FD9319200C8F530 /* Build configuration list for PBXNativeTarget "reactionTestDemoTests" */;
			buildPhases = (
				6934F5D21FD9319200C8F530 /* Sources */,
				6934F5D31FD9319200C8F530 /* Frameworks */,
				6934F5D41FD9319200C8F530 /* Resources */,
			);
			buildRules = (
			);
			dependencies = (
				6934F5D81FD9319200C8F530 /* PBXTargetDependency */,
			);
			name = reactionTestDemoTests;
			productName = reactionTestDemoTests;
			productReference = 6934F5D61FD9319200C8F530 /* reactionTestDemoTests.xctest */;
			productType = "com.apple.product-type.bundle.unit-test";
		};
		6934F5E01FD9319200C8F530 /* reactionTestDemoUITests */ = {
			isa = PBXNativeTarget;
			buildConfigurationList = 6934F5F01FD9319200C8F530 /* Build configuration list for PBXNativeTarget "reactionTestDemoUITests" */;
			buildPhases = (
				6934F5DD1FD9319200C8F530 /* Sources */,
				6934F5DE1FD9319200C8F530 /* Frameworks */,
				6934F5DF1FD9319200C8F530 /* Resources */,
			);
			buildRules = (
			);
			dependencies = (
				6934F5E31FD9319200C8F530 /* PBXTargetDependency */,
			);
			name = reactionTestDemoUITests;
			productName = reactionTestDemoUITests;
			productReference = 6934F5E11FD9319200C8F530 /* reactionTestDemoUITests.xctest */;
			productType = "com.apple.product-type.bundle.ui-testing";
		};
/* End PBXNativeTarget section */

/* Begin PBXProject section */
		6934F5BA1FD9319100C8F530 /* Project object */ = {
			isa = PBXProject;
			attributes = {
				LastSwiftUpdateCheck = 0920;
				LastUpgradeCheck = 0920;
				ORGANIZATIONNAME = toxicanty;
				TargetAttributes = {
					6934F5C11FD9319100C8F530 = {
						CreatedOnToolsVersion = 9.2;
						ProvisioningStyle = Automatic;
					};
					6934F5D51FD9319200C8F530 = {
						CreatedOnToolsVersion = 9.2;
						ProvisioningStyle = Automatic;
						TestTargetID = 6934F5C11FD9319100C8F530;
					};
					6934F5E01FD9319200C8F530 = {
						CreatedOnToolsVersion = 9.2;
						ProvisioningStyle = Automatic;
						TestTargetID = 6934F5C11FD9319100C8F530;
					};
				};
			};
			buildConfigurationList = 6934F5BD1FD9319100C8F530 /* Build configuration list for PBXProject "reactionTestDemo" */;
			compatibilityVersion = "Xcode 8.0";
			developmentRegion = en;
			hasScannedForEncodings = 0;
			knownRegions = (
				en,
				Base,
			);
			mainGroup = 6934F5B91FD9319100C8F530;
			productRefGroup = 6934F5C31FD9319100C8F530 /* Products */;
			projectDirPath = "";
			projectRoot = "";
			targets = (
				6934F5C11FD9319100C8F530 /* reactionTestDemo */,
				6934F5D51FD9319200C8F530 /* reactionTestDemoTests */,
				6934F5E01FD9319200C8F530 /* reactionTestDemoUITests */,
			);
		};
/* End PBXProject section */

/* Begin PBXResourcesBuildPhase section */
		6934F5C01FD9319100C8F530 /* Resources */ = {
			isa = PBXResourcesBuildPhase;
			buildActionMask = 2147483647;
			files = (
				6934F5D01FD9319100C8F530 /* LaunchScreen.storyboard in Resources */,
				6934F5CD1FD9319100C8F530 /* Assets.xcassets in Resources */,
				6934F5CB1FD9319100C8F530 /* Main.storyboard in Resources */,
			);
			runOnlyForDeploymentPostprocessing = 0;
		};
		6934F5D41FD9319200C8F530 /* Resources */ = {
			isa = PBXResourcesBuildPhase;
			buildActionMask = 2147483647;
			files = (
			);
			runOnlyForDeploymentPostprocessing = 0;
		};
		6934F5DF1FD9319200C8F530 /* Resources */ = {
			isa = PBXResourcesBuildPhase;
			buildActionMask = 2147483647;
			files = (
			);
			runOnlyForDeploymentPostprocessing = 0;
		};
/* End PBXResourcesBuildPhase section */

/* Begin PBXSourcesBuildPhase section */
		6934F5BE1FD9319100C8F530 /* Sources */ = {
			isa = PBXSourcesBuildPhase;
			buildActionMask = 2147483647;
			files = (
				6934F5C81FD9319100C8F530 /* ViewController.swift in Sources */,
				690339341FD94E5800A2F517 /* Bundle+extension.swift in Sources */,
				6934F5C61FD9319100C8F530 /* AppDelegate.swift in Sources */,
				690339391FD95EFF00A2F517 /* TableViewController.swift in Sources */,
			);
			runOnlyForDeploymentPostprocessing = 0;
		};
		6934F5D21FD9319200C8F530 /* Sources */ = {
			isa = PBXSourcesBuildPhase;
			buildActionMask = 2147483647;
			files = (
				6934F5DB1FD9319200C8F530 /* reactionTestDemoTests.swift in Sources */,
			);
			runOnlyForDeploymentPostprocessing = 0;
		};
		6934F5DD1FD9319200C8F530 /* Sources */ = {
			isa = PBXSourcesBuildPhase;
			buildActionMask = 2147483647;
			files = (
				6934F5E61FD9319200C8F530 /* reactionTestDemoUITests.swift in Sources */,
			);
			runOnlyForDeploymentPostprocessing = 0;
		};
/* End PBXSourcesBuildPhase section */

/* Begin PBXTargetDependency section */
		6934F5D81FD9319200C8F530 /* PBXTargetDependency */ = {
			isa = PBXTargetDependency;
			target = 6934F5C11FD9319100C8F530 /* reactionTestDemo */;
			targetProxy = 6934F5D71FD9319200C8F530 /* PBXContainerItemProxy */;
		};
		6934F5E31FD9319200C8F530 /* PBXTargetDependency */ = {
			isa = PBXTargetDependency;
			target = 6934F5C11FD9319100C8F530 /* reactionTestDemo */;
			targetProxy = 6934F5E21FD9319200C8F530 /* PBXContainerItemProxy */;
		};
/* End PBXTargetDependency section */

/* Begin PBXVariantGroup section */
		6934F5C91FD9319100C8F530 /* Main.storyboard */ = {
			isa = PBXVariantGroup;
			children = (
				6934F5CA1FD9319100C8F530 /* Base */,
			);
			name = Main.storyboard;
			sourceTree = "<group>";
		};
		6934F5CE1FD9319100C8F530 /* LaunchScreen.storyboard */ = {
			isa = PBXVariantGroup;
			children = (
				6934F5CF1FD9319100C8F530 /* Base */,
			);
			name = LaunchScreen.storyboard;
			sourceTree = "<group>";
		};
/* End PBXVariantGroup section */

/* Begin XCBuildConfiguration section */
		6934F5E81FD9319200C8F530 /* Debug */ = {
			isa = XCBuildConfiguration;
			buildSettings = {
				ALWAYS_SEARCH_USER_PATHS = NO;
				CLANG_ANALYZER_NONNULL = YES;
				CLANG_ANALYZER_NUMBER_OBJECT_CONVERSION = YES_AGGRESSIVE;
				CLANG_CXX_LANGUAGE_STANDARD = "gnu++14";
				CLANG_CXX_LIBRARY = "libc++";
				CLANG_ENABLE_MODULES = YES;
				CLANG_ENABLE_OBJC_ARC = YES;
				CLANG_WARN_BLOCK_CAPTURE_AUTORELEASING = YES;
				CLANG_WARN_BOOL_CONVERSION = YES;
				CLANG_WARN_COMMA = YES;
				CLANG_WARN_CONSTANT_CONVERSION = YES;
				CLANG_WARN_DIRECT_OBJC_ISA_USAGE = YES_ERROR;
				CLANG_WARN_DOCUMENTATION_COMMENTS = YES;
				CLANG_WARN_EMPTY_BODY = YES;
				CLANG_WARN_ENUM_CONVERSION = YES;
				CLANG_WARN_INFINITE_RECURSION = YES;
				CLANG_WARN_INT_CONVERSION = YES;
				CLANG_WARN_NON_LITERAL_NULL_CONVERSION = YES;
				CLANG_WARN_OBJC_LITERAL_CONVERSION = YES;
				CLANG_WARN_OBJC_ROOT_CLASS = YES_ERROR;
				CLANG_WARN_RANGE_LOOP_ANALYSIS = YES;
				CLANG_WARN_STRICT_PROTOTYPES = YES;
				CLANG_WARN_SUSPICIOUS_MOVE = YES;
				CLANG_WARN_UNGUARDED_AVAILABILITY = YES_AGGRESSIVE;
				CLANG_WARN_UNREACHABLE_CODE = YES;
				CLANG_WARN__DUPLICATE_METHOD_MATCH = YES;
				CODE_SIGN_IDENTITY = "iPhone Developer";
				COPY_PHASE_STRIP = NO;
				DEBUG_INFORMATION_FORMAT = dwarf;
				ENABLE_STRICT_OBJC_MSGSEND = YES;
				ENABLE_TESTABILITY = YES;
				GCC_C_LANGUAGE_STANDARD = gnu11;
				GCC_DYNAMIC_NO_PIC = NO;
				GCC_NO_COMMON_BLOCKS = YES;
				GCC_OPTIMIZATION_LEVEL = 0;
				GCC_PREPROCESSOR_DEFINITIONS = (
					"DEBUG=1",
					"$(inherited)",
				);
				GCC_WARN_64_TO_32_BIT_CONVERSION = YES;
				GCC_WARN_ABOUT_RETURN_TYPE = YES_ERROR;
				GCC_WARN_UNDECLARED_SELECTOR = YES;
				GCC_WARN_UNINITIALIZED_AUTOS = YES_AGGRESSIVE;
				GCC_WARN_UNUSED_FUNCTION = YES;
				GCC_WARN_UNUSED_VARIABLE = YES;
				IPHONEOS_DEPLOYMENT_TARGET = 11.2;
				MTL_ENABLE_DEBUG_INFO = YES;
				ONLY_ACTIVE_ARCH = YES;
				SDKROOT = iphoneos;
				SWIFT_ACTIVE_COMPILATION_CONDITIONS = DEBUG;
				SWIFT_OPTIMIZATION_LEVEL = "-Onone";
			};
			name = Debug;
		};
		6934F5E91FD9319200C8F530 /* Release */ = {
			isa = XCBuildConfiguration;
			buildSettings = {
				ALWAYS_SEARCH_USER_PATHS = NO;
				CLANG_ANALYZER_NONNULL = YES;
				CLANG_ANALYZER_NUMBER_OBJECT_CONVERSION = YES_AGGRESSIVE;
				CLANG_CXX_LANGUAGE_STANDARD = "gnu++14";
				CLANG_CXX_LIBRARY = "libc++";
				CLANG_ENABLE_MODULES = YES;
				CLANG_ENABLE_OBJC_ARC = YES;
				CLANG_WARN_BLOCK_CAPTURE_AUTORELEASING = YES;
				CLANG_WARN_BOOL_CONVERSION = YES;
				CLANG_WARN_COMMA = YES;
				CLANG_WARN_CONSTANT_CONVERSION = YES;
				CLANG_WARN_DIRECT_OBJC_ISA_USAGE = YES_ERROR;
				CLANG_WARN_DOCUMENTATION_COMMENTS = YES;
				CLANG_WARN_EMPTY_BODY = YES;
				CLANG_WARN_ENUM_CONVERSION = YES;
				CLANG_WARN_INFINITE_RECURSION = YES;
				CLANG_WARN_INT_CONVERSION = YES;
				CLANG_WARN_NON_LITERAL_NULL_CONVERSION = YES;
				CLANG_WARN_OBJC_LITERAL_CONVERSION = YES;
				CLANG_WARN_OBJC_ROOT_CLASS = YES_ERROR;
				CLANG_WARN_RANGE_LOOP_ANALYSIS = YES;
				CLANG_WARN_STRICT_PROTOTYPES = YES;
				CLANG_WARN_SUSPICIOUS_MOVE = YES;
				CLANG_WARN_UNGUARDED_AVAILABILITY = YES_AGGRESSIVE;
				CLANG_WARN_UNREACHABLE_CODE = YES;
				CLANG_WARN__DUPLICATE_METHOD_MATCH = YES;
				CODE_SIGN_IDENTITY = "iPhone Developer";
				COPY_PHASE_STRIP = NO;
				DEBUG_INFORMATION_FORMAT = "dwarf-with-dsym";
				ENABLE_NS_ASSERTIONS = NO;
				ENABLE_STRICT_OBJC_MSGSEND = YES;
				GCC_C_LANGUAGE_STANDARD = gnu11;
				GCC_NO_COMMON_BLOCKS = YES;
				GCC_WARN_64_TO_32_BIT_CONVERSION = YES;
				GCC_WARN_ABOUT_RETURN_TYPE = YES_ERROR;
				GCC_WARN_UNDECLARED_SELECTOR = YES;
				GCC_WARN_UNINITIALIZED_AUTOS = YES_AGGRESSIVE;
				GCC_WARN_UNUSED_FUNCTION = YES;
				GCC_WARN_UNUSED_VARIABLE = YES;
				IPHONEOS_DEPLOYMENT_TARGET = 11.2;
				MTL_ENABLE_DEBUG_INFO = NO;
				SDKROOT = iphoneos;
				SWIFT_OPTIMIZATION_LEVEL = "-Owholemodule";
				VALIDATE_PRODUCT = YES;
			};
			name = Release;
		};
		6934F5EB1FD9319200C8F530 /* Debug */ = {
			isa = XCBuildConfiguration;
			buildSettings = {
				ASSETCATALOG_COMPILER_APPICON_NAME = AppIcon;
				CODE_SIGN_STYLE = Automatic;
				INFOPLIST_FILE = reactionTestDemo/Info.plist;
				LD_RUNPATH_SEARCH_PATHS = "$(inherited) @executable_path/Frameworks";
				PRODUCT_BUNDLE_IDENTIFIER = com.yanzhang.www.reactionTestDemo;
				PRODUCT_NAME = "$(TARGET_NAME)";
				SWIFT_VERSION = 4.0;
				TARGETED_DEVICE_FAMILY = "1,2";
			};
			name = Debug;
		};
		6934F5EC1FD9319200C8F530 /* Release */ = {
			isa = XCBuildConfiguration;
			buildSettings = {
				ASSETCATALOG_COMPILER_APPICON_NAME = AppIcon;
				CODE_SIGN_STYLE = Automatic;
				INFOPLIST_FILE = reactionTestDemo/Info.plist;
				LD_RUNPATH_SEARCH_PATHS = "$(inherited) @executable_path/Frameworks";
				PRODUCT_BUNDLE_IDENTIFIER = com.yanzhang.www.reactionTestDemo;
				PRODUCT_NAME = "$(TARGET_NAME)";
				SWIFT_VERSION = 4.0;
				TARGETED_DEVICE_FAMILY = "1,2";
			};
			name = Release;
		};
		6934F5EE1FD9319200C8F530 /* Debug */ = {
			isa = XCBuildConfiguration;
			buildSettings = {
				ALWAYS_EMBED_SWIFT_STANDARD_LIBRARIES = YES;
				BUNDLE_LOADER = "$(TEST_HOST)";
				CODE_SIGN_STYLE = Automatic;
				INFOPLIST_FILE = reactionTestDemoTests/Info.plist;
				LD_RUNPATH_SEARCH_PATHS = "$(inherited) @executable_path/Frameworks @loader_path/Frameworks";
				PRODUCT_BUNDLE_IDENTIFIER = com.yanzhang.www.reactionTestDemoTests;
				PRODUCT_NAME = "$(TARGET_NAME)";
				SWIFT_VERSION = 4.0;
				TARGETED_DEVICE_FAMILY = "1,2";
				TEST_HOST = "$(BUILT_PRODUCTS_DIR)/reactionTestDemo.app/reactionTestDemo";
			};
			name = Debug;
		};
		6934F5EF1FD9319200C8F530 /* Release */ = {
			isa = XCBuildConfiguration;
			buildSettings = {
				ALWAYS_EMBED_SWIFT_STANDARD_LIBRARIES = YES;
				BUNDLE_LOADER = "$(TEST_HOST)";
				CODE_SIGN_STYLE = Automatic;
				INFOPLIST_FILE = reactionTestDemoTests/Info.plist;
				LD_RUNPATH_SEARCH_PATHS = "$(inherited) @executable_path/Frameworks @loader_path/Frameworks";
				PRODUCT_BUNDLE_IDENTIFIER = com.yanzhang.www.reactionTestDemoTests;
				PRODUCT_NAME = "$(TARGET_NAME)";
				SWIFT_VERSION = 4.0;
				TARGETED_DEVICE_FAMILY = "1,2";
				TEST_HOST = "$(BUILT_PRODUCTS_DIR)/reactionTestDemo.app/reactionTestDemo";
			};
			name = Release;
		};
		6934F5F11FD9319200C8F530 /* Debug */ = {
			isa = XCBuildConfiguration;
			buildSettings = {
				ALWAYS_EMBED_SWIFT_STANDARD_LIBRARIES = YES;
				CODE_SIGN_STYLE = Automatic;
				INFOPLIST_FILE = reactionTestDemoUITests/Info.plist;
				LD_RUNPATH_SEARCH_PATHS = "$(inherited) @executable_path/Frameworks @loader_path/Frameworks";
				PRODUCT_BUNDLE_IDENTIFIER = com.yanzhang.www.reactionTestDemoUITests;
				PRODUCT_NAME = "$(TARGET_NAME)";
				SWIFT_VERSION = 4.0;
				TARGETED_DEVICE_FAMILY = "1,2";
				TEST_TARGET_NAME = reactionTestDemo;
			};
			name = Debug;
		};
		6934F5F21FD9319200C8F530 /* Release */ = {
			isa = XCBuildConfiguration;
			buildSettings = {
				ALWAYS_EMBED_SWIFT_STANDARD_LIBRARIES = YES;
				CODE_SIGN_STYLE = Automatic;
				INFOPLIST_FILE = reactionTestDemoUITests/Info.plist;
				LD_RUNPATH_SEARCH_PATHS = "$(inherited) @executable_path/Frameworks @loader_path/Frameworks";
				PRODUCT_BUNDLE_IDENTIFIER = com.yanzhang.www.reactionTestDemoUITests;
				PRODUCT_NAME = "$(TARGET_NAME)";
				SWIFT_VERSION = 4.0;
				TARGETED_DEVICE_FAMILY = "1,2";
				TEST_TARGET_NAME = reactionTestDemo;
			};
			name = Release;
		};
/* End XCBuildConfiguration section */

/* Begin XCConfigurationList section */
		6934F5BD1FD9319100C8F530 /* Build configuration list for PBXProject "reactionTestDemo" */ = {
			isa = XCConfigurationList;
			buildConfigurations = (
				6934F5E81FD9319200C8F530 /* Debug */,
				6934F5E91FD9319200C8F530 /* Release */,
			);
			defaultConfigurationIsVisible = 0;
			defaultConfigurationName = Release;
		};
		6934F5EA1FD9319200C8F530 /* Build configuration list for PBXNativeTarget "reactionTestDemo" */ = {
			isa = XCConfigurationList;
			buildConfigurations = (
				6934F5EB1FD9319200C8F530 /* Debug */,
				6934F5EC1FD9319200C8F530 /* Release */,
			);
			defaultConfigurationIsVisible = 0;
			defaultConfigurationName = Release;
		};
		6934F5ED1FD9319200C8F530 /* Build configuration list for PBXNativeTarget "reactionTestDemoTests" */ = {
			isa = XCConfigurationList;
			buildConfigurations = (
				6934F5EE1FD9319200C8F530 /* Debug */,
				6934F5EF1FD9319200C8F530 /* Release */,
			);
			defaultConfigurationIsVisible = 0;
			defaultConfigurationName = Release;
		};
		6934F5F01FD9319200C8F530 /* Build configuration list for PBXNativeTarget "reactionTestDemoUITests" */ = {
			isa = XCConfigurationList;
			buildConfigurations = (
				6934F5F11FD9319200C8F530 /* Debug */,
				6934F5F21FD9319200C8F530 /* Release */,
			);
			defaultConfigurationIsVisible = 0;
			defaultConfigurationName = Release;
		};
/* End XCConfigurationList section */
	};
	rootObject = 6934F5BA1FD9319100C8F530 /* Project object */;
}
